
Microsoft Visual Studio Solution File, Format Version 12.00
# Visual Studio 2012
Project("{FAE04EC0-301F-11D3-BF4B-00C04F79EFBC}") = "Tethys.Logging", "Tethys.Logging\Tethys.Logging.csproj", "{8AD903FF-C316-489A-9AE0-F59E5AD158D8}"
EndProject
Project("{2150E333-8FDC-42A3-9474-1A3956D46DE8}") = "TestApps", "TestApps", "{4138CC9D-07C2-441A-9B38-421BDDFD4A23}"
EndProject
Project("{FAE04EC0-301F-11D3-BF4B-00C04F79EFBC}") = "TestApp.WindowsForms", "TestApps\TestApp.WindowsForms\TestApp.WindowsForms.csproj", "{D9FC2755-6C2B-498D-BC8E-8C5632C3578E}"
EndProject
Project("{FAE04EC0-301F-11D3-BF4B-00C04F79EFBC}") = "Tethys.Logging.Common.Logging", "Tethys.Logging.Common.Logging\Tethys.Logging.Common.Logging.csproj", "{2866CF2D-81D6-4123-B26A-FBD46B13E3AD}"
EndProject
Project("{FAE04EC0-301F-11D3-BF4B-00C04F79EFBC}") = "Tethys.Logging.Controls", "Tethys.Logging.Controls\Tethys.Logging.Controls.csproj", "{A7304531-0144-48F9-AC6A-057F7CA00DD5}"
EndProject
Project("{FAE04EC0-301F-11D3-BF4B-00C04F79EFBC}") = "Tethys.Logging.Controls.Wpf", "Tethys.Logging.Controls.Wpf\Tethys.Logging.Controls.Wpf.csproj", "{38FAA737-D21C-4CCD-B379-3AB7CF3D9F70}"
EndProject
Project("{FAE04EC0-301F-11D3-BF4B-00C04F79EFBC}") = "Tethys.Logging.NLog", "Tethys.Logging.NLog\Tethys.Logging.NLog.csproj", "{6453F7B5-BF04-4104-9C72-C77594AAF037}"
EndProject
Project("{FAE04EC0-301F-11D3-BF4B-00C04F79EFBC}") = "Tethys.Logging.Log4Net", "Tethys.Logging.Log4Net\Tethys.Logging.Log4Net.csproj", "{20068C45-A629-4FCD-BA24-ED386A19C3C2}"
EndProject
Project("{FAE04EC0-301F-11D3-BF4B-00C04F79EFBC}") = "TestApp.Common.Logging", "TestApps\TestApp.Common.Logging\TestApp.Common.Logging.csproj", "{A5AE2D34-327B-4015-8E48-E69D5B9BA989}"
EndProject
Project("{FAE04EC0-301F-11D3-BF4B-00C04F79EFBC}") = "TestApp.log4net", "TestApps\TestApp.Log4Net\TestApp.log4net.csproj", "{579CB519-C3F6-45E6-9210-DBF8905A8B4B}"
EndProject
Project("{FAE04EC0-301F-11D3-BF4B-00C04F79EFBC}") = "TestApp.NLog", "TestApps\TestApp.NLog\TestApp.NLog.csproj", "{A37FFE2C-78A6-466E-86FF-DD36D7BD4BE3}"
EndProject
Project("{FAE04EC0-301F-11D3-BF4B-00C04F79EFBC}") = "TestApp.WPF", "TestApps\TestApp.WPF\TestApp.WPF.csproj", "{0D76930E-BD12-476A-9ACB-8A5A11BE7C29}"
EndProject
Project("{FAE04EC0-301F-11D3-BF4B-00C04F79EFBC}") = "TestApp.WP8", "TestApps\TestApp.WP8\TestApp.WP8.csproj", "{4157A9F0-EDA6-407E-9732-6E40917847D8}"
EndProject
Project("{FAE04EC0-301F-11D3-BF4B-00C04F79EFBC}") = "TestApp.WP71", "TestApps\TestApp.WP71\TestApp.WP71.csproj", "{D5EBA9A9-9488-48AE-BAB7-C5D6E642530D}"
EndProject
Project("{FAE04EC0-301F-11D3-BF4B-00C04F79EFBC}") = "TestApp.Win8", "TestApps\TestApp.Win8\TestApp.Win8.csproj", "{239BA72F-EDF3-41F1-A2AD-F7CBA2430C96}"
EndProject
Project("{FAE04EC0-301F-11D3-BF4B-00C04F79EFBC}") = "TestApp.Common.Logging.NLog", "TestApps\TestApp.Common.Logging.NLog\TestApp.Common.Logging.NLog.csproj", "{91859659-64A5-4AE6-8095-853D030CF774}"
EndProject
Project("{FAE04EC0-301F-11D3-BF4B-00C04F79EFBC}") = "TestApp.NLog2", "TestApps\TestApp.NLog2\TestApp.NLog2.csproj", "{8F9CE91C-9D01-49BA-B75D-45CAFB952298}"
EndProject
Project("{FAE04EC0-301F-11D3-BF4B-00C04F79EFBC}") = "TestApp.LogView", "TestApps\TestApp.LogView\TestApp.LogView.csproj", "{CBA19423-4C8A-423C-B844-D9E4069A00B5}"
EndProject
Project("{FAE04EC0-301F-11D3-BF4B-00C04F79EFBC}") = "Tethys.Logging.Win", "Tethys.Logging.Win\Tethys.Logging.Win.csproj", "{AAE1DEC6-F50E-437F-B159-954329F5C006}"
EndProject
Global
	GlobalSection(SolutionConfigurationPlatforms) = preSolution
		Debug|Any CPU = Debug|Any CPU
		Debug|ARM = Debug|ARM
		Debug|Mixed Platforms = Debug|Mixed Platforms
		Debug|x64 = Debug|x64
		Debug|x86 = Debug|x86
		Release|Any CPU = Release|Any CPU
		Release|ARM = Release|ARM
		Release|Mixed Platforms = Release|Mixed Platforms
		Release|x64 = Release|x64
		Release|x86 = Release|x86
	EndGlobalSection
	GlobalSection(ProjectConfigurationPlatforms) = postSolution
		{8AD903FF-C316-489A-9AE0-F59E5AD158D8}.Debug|Any CPU.ActiveCfg = Debug|Any CPU
		{8AD903FF-C316-489A-9AE0-F59E5AD158D8}.Debug|Any CPU.Build.0 = Debug|Any CPU
		{8AD903FF-C316-489A-9AE0-F59E5AD158D8}.Debug|ARM.ActiveCfg = Debug|Any CPU
		{8AD903FF-C316-489A-9AE0-F59E5AD158D8}.Debug|Mixed Platforms.ActiveCfg = Debug|Any CPU
		{8AD903FF-C316-489A-9AE0-F59E5AD158D8}.Debug|Mixed Platforms.Build.0 = Debug|Any CPU
		{8AD903FF-C316-489A-9AE0-F59E5AD158D8}.Debug|x64.ActiveCfg = Debug|Any CPU
		{8AD903FF-C316-489A-9AE0-F59E5AD158D8}.Debug|x86.ActiveCfg = Debug|Any CPU
		{8AD903FF-C316-489A-9AE0-F59E5AD158D8}.Release|Any CPU.ActiveCfg = Release|Any CPU
		{8AD903FF-C316-489A-9AE0-F59E5AD158D8}.Release|Any CPU.Build.0 = Release|Any CPU
		{8AD903FF-C316-489A-9AE0-F59E5AD158D8}.Release|ARM.ActiveCfg = Release|Any CPU
		{8AD903FF-C316-489A-9AE0-F59E5AD158D8}.Release|Mixed Platforms.ActiveCfg = Release|Any CPU
		{8AD903FF-C316-489A-9AE0-F59E5AD158D8}.Release|Mixed Platforms.Build.0 = Release|Any CPU
		{8AD903FF-C316-489A-9AE0-F59E5AD158D8}.Release|x64.ActiveCfg = Release|Any CPU
		{8AD903FF-C316-489A-9AE0-F59E5AD158D8}.Release|x86.ActiveCfg = Release|Any CPU
		{D9FC2755-6C2B-498D-BC8E-8C5632C3578E}.Debug|Any CPU.ActiveCfg = Debug|Any CPU
		{D9FC2755-6C2B-498D-BC8E-8C5632C3578E}.Debug|Any CPU.Build.0 = Debug|Any CPU
		{D9FC2755-6C2B-498D-BC8E-8C5632C3578E}.Debug|ARM.ActiveCfg = Debug|Any CPU
		{D9FC2755-6C2B-498D-BC8E-8C5632C3578E}.Debug|Mixed Platforms.ActiveCfg = Debug|Any CPU
		{D9FC2755-6C2B-498D-BC8E-8C5632C3578E}.Debug|Mixed Platforms.Build.0 = Debug|Any CPU
		{D9FC2755-6C2B-498D-BC8E-8C5632C3578E}.Debug|x64.ActiveCfg = Debug|Any CPU
		{D9FC2755-6C2B-498D-BC8E-8C5632C3578E}.Debug|x86.ActiveCfg = Debug|Any CPU
		{D9FC2755-6C2B-498D-BC8E-8C5632C3578E}.Release|Any CPU.ActiveCfg = Release|Any CPU
		{D9FC2755-6C2B-498D-BC8E-8C5632C3578E}.Release|Any CPU.Build.0 = Release|Any CPU
		{D9FC2755-6C2B-498D-BC8E-8C5632C3578E}.Release|ARM.ActiveCfg = Release|Any CPU
		{D9FC2755-6C2B-498D-BC8E-8C5632C3578E}.Release|Mixed Platforms.ActiveCfg = Release|Any CPU
		{D9FC2755-6C2B-498D-BC8E-8C5632C3578E}.Release|Mixed Platforms.Build.0 = Release|Any CPU
		{D9FC2755-6C2B-498D-BC8E-8C5632C3578E}.Release|x64.ActiveCfg = Release|Any CPU
		{D9FC2755-6C2B-498D-BC8E-8C5632C3578E}.Release|x86.ActiveCfg = Release|Any CPU
		{2866CF2D-81D6-4123-B26A-FBD46B13E3AD}.Debug|Any CPU.ActiveCfg = Debug|Any CPU
		{2866CF2D-81D6-4123-B26A-FBD46B13E3AD}.Debug|Any CPU.Build.0 = Debug|Any CPU
		{2866CF2D-81D6-4123-B26A-FBD46B13E3AD}.Debug|ARM.ActiveCfg = Debug|Any CPU
		{2866CF2D-81D6-4123-B26A-FBD46B13E3AD}.Debug|Mixed Platforms.ActiveCfg = Debug|Any CPU
		{2866CF2D-81D6-4123-B26A-FBD46B13E3AD}.Debug|Mixed Platforms.Build.0 = Debug|Any CPU
		{2866CF2D-81D6-4123-B26A-FBD46B13E3AD}.Debug|x64.ActiveCfg = Debug|Any CPU
		{2866CF2D-81D6-4123-B26A-FBD46B13E3AD}.Debug|x86.ActiveCfg = Debug|Any CPU
		{2866CF2D-81D6-4123-B26A-FBD46B13E3AD}.Release|Any CPU.ActiveCfg = Release|Any CPU
		{2866CF2D-81D6-4123-B26A-FBD46B13E3AD}.Release|Any CPU.Build.0 = Release|Any CPU
		{2866CF2D-81D6-4123-B26A-FBD46B13E3AD}.Release|ARM.ActiveCfg = Release|Any CPU
		{2866CF2D-81D6-4123-B26A-FBD46B13E3AD}.Release|Mixed Platforms.ActiveCfg = Release|Any CPU
		{2866CF2D-81D6-4123-B26A-FBD46B13E3AD}.Release|Mixed Platforms.Build.0 = Release|Any CPU
		{2866CF2D-81D6-4123-B26A-FBD46B13E3AD}.Release|x64.ActiveCfg = Release|Any CPU
		{2866CF2D-81D6-4123-B26A-FBD46B13E3AD}.Release|x86.ActiveCfg = Release|Any CPU
		{A7304531-0144-48F9-AC6A-057F7CA00DD5}.Debug|Any CPU.ActiveCfg = Debug|Any CPU
		{A7304531-0144-48F9-AC6A-057F7CA00DD5}.Debug|Any CPU.Build.0 = Debug|Any CPU
		{A7304531-0144-48F9-AC6A-057F7CA00DD5}.Debug|ARM.ActiveCfg = Debug|Any CPU
		{A7304531-0144-48F9-AC6A-057F7CA00DD5}.Debug|Mixed Platforms.ActiveCfg = Debug|Any CPU
		{A7304531-0144-48F9-AC6A-057F7CA00DD5}.Debug|Mixed Platforms.Build.0 = Debug|Any CPU
		{A7304531-0144-48F9-AC6A-057F7CA00DD5}.Debug|x64.ActiveCfg = Debug|Any CPU
		{A7304531-0144-48F9-AC6A-057F7CA00DD5}.Debug|x86.ActiveCfg = Debug|Any CPU
		{A7304531-0144-48F9-AC6A-057F7CA00DD5}.Release|Any CPU.ActiveCfg = Release|Any CPU
		{A7304531-0144-48F9-AC6A-057F7CA00DD5}.Release|Any CPU.Build.0 = Release|Any CPU
		{A7304531-0144-48F9-AC6A-057F7CA00DD5}.Release|ARM.ActiveCfg = Release|Any CPU
		{A7304531-0144-48F9-AC6A-057F7CA00DD5}.Release|Mixed Platforms.ActiveCfg = Release|Any CPU
		{A7304531-0144-48F9-AC6A-057F7CA00DD5}.Release|Mixed Platforms.Build.0 = Release|Any CPU
		{A7304531-0144-48F9-AC6A-057F7CA00DD5}.Release|x64.ActiveCfg = Release|Any CPU
		{A7304531-0144-48F9-AC6A-057F7CA00DD5}.Release|x86.ActiveCfg = Release|Any CPU
		{38FAA737-D21C-4CCD-B379-3AB7CF3D9F70}.Debug|Any CPU.ActiveCfg = Debug|Any CPU
		{38FAA737-D21C-4CCD-B379-3AB7CF3D9F70}.Debug|Any CPU.Build.0 = Debug|Any CPU
		{38FAA737-D21C-4CCD-B379-3AB7CF3D9F70}.Debug|ARM.ActiveCfg = Debug|Any CPU
		{38FAA737-D21C-4CCD-B379-3AB7CF3D9F70}.Debug|Mixed Platforms.ActiveCfg = Debug|Any CPU
		{38FAA737-D21C-4CCD-B379-3AB7CF3D9F70}.Debug|Mixed Platforms.Build.0 = Debug|Any CPU
		{38FAA737-D21C-4CCD-B379-3AB7CF3D9F70}.Debug|x64.ActiveCfg = Debug|Any CPU
		{38FAA737-D21C-4CCD-B379-3AB7CF3D9F70}.Debug|x86.ActiveCfg = Debug|Any CPU
		{38FAA737-D21C-4CCD-B379-3AB7CF3D9F70}.Release|Any CPU.ActiveCfg = Release|Any CPU
		{38FAA737-D21C-4CCD-B379-3AB7CF3D9F70}.Release|Any CPU.Build.0 = Release|Any CPU
		{38FAA737-D21C-4CCD-B379-3AB7CF3D9F70}.Release|ARM.ActiveCfg = Release|Any CPU
		{38FAA737-D21C-4CCD-B379-3AB7CF3D9F70}.Release|Mixed Platforms.ActiveCfg = Release|Any CPU
		{38FAA737-D21C-4CCD-B379-3AB7CF3D9F70}.Release|Mixed Platforms.Build.0 = Release|Any CPU
		{38FAA737-D21C-4CCD-B379-3AB7CF3D9F70}.Release|x64.ActiveCfg = Release|Any CPU
		{38FAA737-D21C-4CCD-B379-3AB7CF3D9F70}.Release|x86.ActiveCfg = Release|Any CPU
		{6453F7B5-BF04-4104-9C72-C77594AAF037}.Debug|Any CPU.ActiveCfg = Debug|Any CPU
		{6453F7B5-BF04-4104-9C72-C77594AAF037}.Debug|Any CPU.Build.0 = Debug|Any CPU
		{6453F7B5-BF04-4104-9C72-C77594AAF037}.Debug|ARM.ActiveCfg = Debug|Any CPU
		{6453F7B5-BF04-4104-9C72-C77594AAF037}.Debug|Mixed Platforms.ActiveCfg = Debug|Any CPU
		{6453F7B5-BF04-4104-9C72-C77594AAF037}.Debug|Mixed Platforms.Build.0 = Debug|Any CPU
		{6453F7B5-BF04-4104-9C72-C77594AAF037}.Debug|x64.ActiveCfg = Debug|Any CPU
		{6453F7B5-BF04-4104-9C72-C77594AAF037}.Debug|x86.ActiveCfg = Debug|Any CPU
		{6453F7B5-BF04-4104-9C72-C77594AAF037}.Release|Any CPU.ActiveCfg = Release|Any CPU
		{6453F7B5-BF04-4104-9C72-C77594AAF037}.Release|Any CPU.Build.0 = Release|Any CPU
		{6453F7B5-BF04-4104-9C72-C77594AAF037}.Release|ARM.ActiveCfg = Release|Any CPU
		{6453F7B5-BF04-4104-9C72-C77594AAF037}.Release|Mixed Platforms.ActiveCfg = Release|Any CPU
		{6453F7B5-BF04-4104-9C72-C77594AAF037}.Release|Mixed Platforms.Build.0 = Release|Any CPU
		{6453F7B5-BF04-4104-9C72-C77594AAF037}.Release|x64.ActiveCfg = Release|Any CPU
		{6453F7B5-BF04-4104-9C72-C77594AAF037}.Release|x86.ActiveCfg = Release|Any CPU
		{20068C45-A629-4FCD-BA24-ED386A19C3C2}.Debug|Any CPU.ActiveCfg = Debug|Any CPU
		{20068C45-A629-4FCD-BA24-ED386A19C3C2}.Debug|Any CPU.Build.0 = Debug|Any CPU
		{20068C45-A629-4FCD-BA24-ED386A19C3C2}.Debug|ARM.ActiveCfg = Debug|Any CPU
		{20068C45-A629-4FCD-BA24-ED386A19C3C2}.Debug|Mixed Platforms.ActiveCfg = Debug|Any CPU
		{20068C45-A629-4FCD-BA24-ED386A19C3C2}.Debug|Mixed Platforms.Build.0 = Debug|Any CPU
		{20068C45-A629-4FCD-BA24-ED386A19C3C2}.Debug|x64.ActiveCfg = Debug|Any CPU
		{20068C45-A629-4FCD-BA24-ED386A19C3C2}.Debug|x86.ActiveCfg = Debug|Any CPU
		{20068C45-A629-4FCD-BA24-ED386A19C3C2}.Release|Any CPU.ActiveCfg = Release|Any CPU
		{20068C45-A629-4FCD-BA24-ED386A19C3C2}.Release|Any CPU.Build.0 = Release|Any CPU
		{20068C45-A629-4FCD-BA24-ED386A19C3C2}.Release|ARM.ActiveCfg = Release|Any CPU
		{20068C45-A629-4FCD-BA24-ED386A19C3C2}.Release|Mixed Platforms.ActiveCfg = Release|Any CPU
		{20068C45-A629-4FCD-BA24-ED386A19C3C2}.Release|Mixed Platforms.Build.0 = Release|Any CPU
		{20068C45-A629-4FCD-BA24-ED386A19C3C2}.Release|x64.ActiveCfg = Release|Any CPU
		{20068C45-A629-4FCD-BA24-ED386A19C3C2}.Release|x86.ActiveCfg = Release|Any CPU
		{A5AE2D34-327B-4015-8E48-E69D5B9BA989}.Debug|Any CPU.ActiveCfg = Debug|Any CPU
		{A5AE2D34-327B-4015-8E48-E69D5B9BA989}.Debug|Any CPU.Build.0 = Debug|Any CPU
		{A5AE2D34-327B-4015-8E48-E69D5B9BA989}.Debug|ARM.ActiveCfg = Debug|Any CPU
		{A5AE2D34-327B-4015-8E48-E69D5B9BA989}.Debug|Mixed Platforms.ActiveCfg = Debug|Any CPU
		{A5AE2D34-327B-4015-8E48-E69D5B9BA989}.Debug|Mixed Platforms.Build.0 = Debug|Any CPU
		{A5AE2D34-327B-4015-8E48-E69D5B9BA989}.Debug|x64.ActiveCfg = Debug|Any CPU
		{A5AE2D34-327B-4015-8E48-E69D5B9BA989}.Debug|x86.ActiveCfg = Debug|Any CPU
		{A5AE2D34-327B-4015-8E48-E69D5B9BA989}.Release|Any CPU.ActiveCfg = Release|Any CPU
		{A5AE2D34-327B-4015-8E48-E69D5B9BA989}.Release|Any CPU.Build.0 = Release|Any CPU
		{A5AE2D34-327B-4015-8E48-E69D5B9BA989}.Release|ARM.ActiveCfg = Release|Any CPU
		{A5AE2D34-327B-4015-8E48-E69D5B9BA989}.Release|Mixed Platforms.ActiveCfg = Release|Any CPU
		{A5AE2D34-327B-4015-8E48-E69D5B9BA989}.Release|Mixed Platforms.Build.0 = Release|Any CPU
		{A5AE2D34-327B-4015-8E48-E69D5B9BA989}.Release|x64.ActiveCfg = Release|Any CPU
		{A5AE2D34-327B-4015-8E48-E69D5B9BA989}.Release|x86.ActiveCfg = Release|Any CPU
		{579CB519-C3F6-45E6-9210-DBF8905A8B4B}.Debug|Any CPU.ActiveCfg = Debug|Any CPU
		{579CB519-C3F6-45E6-9210-DBF8905A8B4B}.Debug|Any CPU.Build.0 = Debug|Any CPU
		{579CB519-C3F6-45E6-9210-DBF8905A8B4B}.Debug|ARM.ActiveCfg = Debug|Any CPU
		{579CB519-C3F6-45E6-9210-DBF8905A8B4B}.Debug|Mixed Platforms.ActiveCfg = Debug|Any CPU
		{579CB519-C3F6-45E6-9210-DBF8905A8B4B}.Debug|Mixed Platforms.Build.0 = Debug|Any CPU
		{579CB519-C3F6-45E6-9210-DBF8905A8B4B}.Debug|x64.ActiveCfg = Debug|Any CPU
		{579CB519-C3F6-45E6-9210-DBF8905A8B4B}.Debug|x86.ActiveCfg = Debug|Any CPU
		{579CB519-C3F6-45E6-9210-DBF8905A8B4B}.Release|Any CPU.ActiveCfg = Release|Any CPU
		{579CB519-C3F6-45E6-9210-DBF8905A8B4B}.Release|Any CPU.Build.0 = Release|Any CPU
		{579CB519-C3F6-45E6-9210-DBF8905A8B4B}.Release|ARM.ActiveCfg = Release|Any CPU
		{579CB519-C3F6-45E6-9210-DBF8905A8B4B}.Release|Mixed Platforms.ActiveCfg = Release|Any CPU
		{579CB519-C3F6-45E6-9210-DBF8905A8B4B}.Release|Mixed Platforms.Build.0 = Release|Any CPU
		{579CB519-C3F6-45E6-9210-DBF8905A8B4B}.Release|x64.ActiveCfg = Release|Any CPU
		{579CB519-C3F6-45E6-9210-DBF8905A8B4B}.Release|x86.ActiveCfg = Release|Any CPU
		{A37FFE2C-78A6-466E-86FF-DD36D7BD4BE3}.Debug|Any CPU.ActiveCfg = Debug|Any CPU
		{A37FFE2C-78A6-466E-86FF-DD36D7BD4BE3}.Debug|Any CPU.Build.0 = Debug|Any CPU
		{A37FFE2C-78A6-466E-86FF-DD36D7BD4BE3}.Debug|ARM.ActiveCfg = Debug|Any CPU
		{A37FFE2C-78A6-466E-86FF-DD36D7BD4BE3}.Debug|Mixed Platforms.ActiveCfg = Debug|Any CPU
		{A37FFE2C-78A6-466E-86FF-DD36D7BD4BE3}.Debug|Mixed Platforms.Build.0 = Debug|Any CPU
		{A37FFE2C-78A6-466E-86FF-DD36D7BD4BE3}.Debug|x64.ActiveCfg = Debug|Any CPU
		{A37FFE2C-78A6-466E-86FF-DD36D7BD4BE3}.Debug|x86.ActiveCfg = Debug|Any CPU
		{A37FFE2C-78A6-466E-86FF-DD36D7BD4BE3}.Release|Any CPU.ActiveCfg = Release|Any CPU
		{A37FFE2C-78A6-466E-86FF-DD36D7BD4BE3}.Release|Any CPU.Build.0 = Release|Any CPU
		{A37FFE2C-78A6-466E-86FF-DD36D7BD4BE3}.Release|ARM.ActiveCfg = Release|Any CPU
		{A37FFE2C-78A6-466E-86FF-DD36D7BD4BE3}.Release|Mixed Platforms.ActiveCfg = Release|Any CPU
		{A37FFE2C-78A6-466E-86FF-DD36D7BD4BE3}.Release|Mixed Platforms.Build.0 = Release|Any CPU
		{A37FFE2C-78A6-466E-86FF-DD36D7BD4BE3}.Release|x64.ActiveCfg = Release|Any CPU
		{A37FFE2C-78A6-466E-86FF-DD36D7BD4BE3}.Release|x86.ActiveCfg = Release|Any CPU
		{0D76930E-BD12-476A-9ACB-8A5A11BE7C29}.Debug|Any CPU.ActiveCfg = Debug|x86
		{0D76930E-BD12-476A-9ACB-8A5A11BE7C29}.Debug|ARM.ActiveCfg = Debug|x86
		{0D76930E-BD12-476A-9ACB-8A5A11BE7C29}.Debug|Mixed Platforms.ActiveCfg = Debug|x86
		{0D76930E-BD12-476A-9ACB-8A5A11BE7C29}.Debug|Mixed Platforms.Build.0 = Debug|x86
		{0D76930E-BD12-476A-9ACB-8A5A11BE7C29}.Debug|x64.ActiveCfg = Debug|x86
		{0D76930E-BD12-476A-9ACB-8A5A11BE7C29}.Debug|x86.ActiveCfg = Debug|x86
		{0D76930E-BD12-476A-9ACB-8A5A11BE7C29}.Debug|x86.Build.0 = Debug|x86
		{0D76930E-BD12-476A-9ACB-8A5A11BE7C29}.Release|Any CPU.ActiveCfg = Release|x86
		{0D76930E-BD12-476A-9ACB-8A5A11BE7C29}.Release|ARM.ActiveCfg = Release|x86
		{0D76930E-BD12-476A-9ACB-8A5A11BE7C29}.Release|Mixed Platforms.ActiveCfg = Release|x86
		{0D76930E-BD12-476A-9ACB-8A5A11BE7C29}.Release|Mixed Platforms.Build.0 = Release|x86
		{0D76930E-BD12-476A-9ACB-8A5A11BE7C29}.Release|x64.ActiveCfg = Release|x86
		{0D76930E-BD12-476A-9ACB-8A5A11BE7C29}.Release|x86.ActiveCfg = Release|x86
		{0D76930E-BD12-476A-9ACB-8A5A11BE7C29}.Release|x86.Build.0 = Release|x86
		{4157A9F0-EDA6-407E-9732-6E40917847D8}.Debug|Any CPU.ActiveCfg = Debug|Any CPU
		{4157A9F0-EDA6-407E-9732-6E40917847D8}.Debug|Any CPU.Build.0 = Debug|Any CPU
		{4157A9F0-EDA6-407E-9732-6E40917847D8}.Debug|Any CPU.Deploy.0 = Debug|Any CPU
		{4157A9F0-EDA6-407E-9732-6E40917847D8}.Debug|ARM.ActiveCfg = Debug|ARM
		{4157A9F0-EDA6-407E-9732-6E40917847D8}.Debug|ARM.Build.0 = Debug|ARM
		{4157A9F0-EDA6-407E-9732-6E40917847D8}.Debug|ARM.Deploy.0 = Debug|ARM
		{4157A9F0-EDA6-407E-9732-6E40917847D8}.Debug|Mixed Platforms.ActiveCfg = Debug|x86
		{4157A9F0-EDA6-407E-9732-6E40917847D8}.Debug|Mixed Platforms.Build.0 = Debug|x86
		{4157A9F0-EDA6-407E-9732-6E40917847D8}.Debug|Mixed Platforms.Deploy.0 = Debug|x86
		{4157A9F0-EDA6-407E-9732-6E40917847D8}.Debug|x64.ActiveCfg = Debug|Any CPU
		{4157A9F0-EDA6-407E-9732-6E40917847D8}.Debug|x86.ActiveCfg = Debug|x86
		{4157A9F0-EDA6-407E-9732-6E40917847D8}.Debug|x86.Build.0 = Debug|x86
		{4157A9F0-EDA6-407E-9732-6E40917847D8}.Debug|x86.Deploy.0 = Debug|x86
		{4157A9F0-EDA6-407E-9732-6E40917847D8}.Release|Any CPU.ActiveCfg = Release|Any CPU
		{4157A9F0-EDA6-407E-9732-6E40917847D8}.Release|Any CPU.Build.0 = Release|Any CPU
		{4157A9F0-EDA6-407E-9732-6E40917847D8}.Release|Any CPU.Deploy.0 = Release|Any CPU
		{4157A9F0-EDA6-407E-9732-6E40917847D8}.Release|ARM.ActiveCfg = Release|ARM
		{4157A9F0-EDA6-407E-9732-6E40917847D8}.Release|ARM.Build.0 = Release|ARM
		{4157A9F0-EDA6-407E-9732-6E40917847D8}.Release|ARM.Deploy.0 = Release|ARM
		{4157A9F0-EDA6-407E-9732-6E40917847D8}.Release|Mixed Platforms.ActiveCfg = Release|x86
		{4157A9F0-EDA6-407E-9732-6E40917847D8}.Release|Mixed Platforms.Build.0 = Release|x86
		{4157A9F0-EDA6-407E-9732-6E40917847D8}.Release|Mixed Platforms.Deploy.0 = Release|x86
		{4157A9F0-EDA6-407E-9732-6E40917847D8}.Release|x64.ActiveCfg = Release|Any CPU
		{4157A9F0-EDA6-407E-9732-6E40917847D8}.Release|x86.ActiveCfg = Release|x86
		{4157A9F0-EDA6-407E-9732-6E40917847D8}.Release|x86.Build.0 = Release|x86
		{4157A9F0-EDA6-407E-9732-6E40917847D8}.Release|x86.Deploy.0 = Release|x86
		{D5EBA9A9-9488-48AE-BAB7-C5D6E642530D}.Debug|Any CPU.ActiveCfg = Debug|Any CPU
		{D5EBA9A9-9488-48AE-BAB7-C5D6E642530D}.Debug|Any CPU.Build.0 = Debug|Any CPU
		{D5EBA9A9-9488-48AE-BAB7-C5D6E642530D}.Debug|Any CPU.Deploy.0 = Debug|Any CPU
		{D5EBA9A9-9488-48AE-BAB7-C5D6E642530D}.Debug|ARM.ActiveCfg = Debug|Any CPU
		{D5EBA9A9-9488-48AE-BAB7-C5D6E642530D}.Debug|Mixed Platforms.ActiveCfg = Debug|Any CPU
		{D5EBA9A9-9488-48AE-BAB7-C5D6E642530D}.Debug|Mixed Platforms.Build.0 = Debug|Any CPU
		{D5EBA9A9-9488-48AE-BAB7-C5D6E642530D}.Debug|Mixed Platforms.Deploy.0 = Debug|Any CPU
		{D5EBA9A9-9488-48AE-BAB7-C5D6E642530D}.Debug|x64.ActiveCfg = Debug|Any CPU
		{D5EBA9A9-9488-48AE-BAB7-C5D6E642530D}.Debug|x86.ActiveCfg = Debug|Any CPU
		{D5EBA9A9-9488-48AE-BAB7-C5D6E642530D}.Release|Any CPU.ActiveCfg = Release|Any CPU
		{D5EBA9A9-9488-48AE-BAB7-C5D6E642530D}.Release|Any CPU.Build.0 = Release|Any CPU
		{D5EBA9A9-9488-48AE-BAB7-C5D6E642530D}.Release|Any CPU.Deploy.0 = Release|Any CPU
		{D5EBA9A9-9488-48AE-BAB7-C5D6E642530D}.Release|ARM.ActiveCfg = Release|Any CPU
		{D5EBA9A9-9488-48AE-BAB7-C5D6E642530D}.Release|Mixed Platforms.ActiveCfg = Release|Any CPU
		{D5EBA9A9-9488-48AE-BAB7-C5D6E642530D}.Release|Mixed Platforms.Build.0 = Release|Any CPU
		{D5EBA9A9-9488-48AE-BAB7-C5D6E642530D}.Release|Mixed Platforms.Deploy.0 = Release|Any CPU
		{D5EBA9A9-9488-48AE-BAB7-C5D6E642530D}.Release|x64.ActiveCfg = Release|Any CPU
		{D5EBA9A9-9488-48AE-BAB7-C5D6E642530D}.Release|x86.ActiveCfg = Release|Any CPU
		{239BA72F-EDF3-41F1-A2AD-F7CBA2430C96}.Debug|Any CPU.ActiveCfg = Debug|Any CPU
		{239BA72F-EDF3-41F1-A2AD-F7CBA2430C96}.Debug|Any CPU.Build.0 = Debug|Any CPU
		{239BA72F-EDF3-41F1-A2AD-F7CBA2430C96}.Debug|Any CPU.Deploy.0 = Debug|Any CPU
		{239BA72F-EDF3-41F1-A2AD-F7CBA2430C96}.Debug|ARM.ActiveCfg = Debug|ARM
		{239BA72F-EDF3-41F1-A2AD-F7CBA2430C96}.Debug|ARM.Build.0 = Debug|ARM
		{239BA72F-EDF3-41F1-A2AD-F7CBA2430C96}.Debug|ARM.Deploy.0 = Debug|ARM
		{239BA72F-EDF3-41F1-A2AD-F7CBA2430C96}.Debug|Mixed Platforms.ActiveCfg = Debug|x86
		{239BA72F-EDF3-41F1-A2AD-F7CBA2430C96}.Debug|Mixed Platforms.Build.0 = Debug|x86
		{239BA72F-EDF3-41F1-A2AD-F7CBA2430C96}.Debug|Mixed Platforms.Deploy.0 = Debug|x86
		{239BA72F-EDF3-41F1-A2AD-F7CBA2430C96}.Debug|x64.ActiveCfg = Debug|x64
		{239BA72F-EDF3-41F1-A2AD-F7CBA2430C96}.Debug|x64.Build.0 = Debug|x64
		{239BA72F-EDF3-41F1-A2AD-F7CBA2430C96}.Debug|x64.Deploy.0 = Debug|x64
		{239BA72F-EDF3-41F1-A2AD-F7CBA2430C96}.Debug|x86.ActiveCfg = Debug|x86
		{239BA72F-EDF3-41F1-A2AD-F7CBA2430C96}.Debug|x86.Build.0 = Debug|x86
		{239BA72F-EDF3-41F1-A2AD-F7CBA2430C96}.Debug|x86.Deploy.0 = Debug|x86
		{239BA72F-EDF3-41F1-A2AD-F7CBA2430C96}.Release|Any CPU.ActiveCfg = Release|Any CPU
		{239BA72F-EDF3-41F1-A2AD-F7CBA2430C96}.Release|Any CPU.Build.0 = Release|Any CPU
		{239BA72F-EDF3-41F1-A2AD-F7CBA2430C96}.Release|Any CPU.Deploy.0 = Release|Any CPU
		{239BA72F-EDF3-41F1-A2AD-F7CBA2430C96}.Release|ARM.ActiveCfg = Release|ARM
		{239BA72F-EDF3-41F1-A2AD-F7CBA2430C96}.Release|ARM.Build.0 = Release|ARM
		{239BA72F-EDF3-41F1-A2AD-F7CBA2430C96}.Release|ARM.Deploy.0 = Release|ARM
		{239BA72F-EDF3-41F1-A2AD-F7CBA2430C96}.Release|Mixed Platforms.ActiveCfg = Release|x86
		{239BA72F-EDF3-41F1-A2AD-F7CBA2430C96}.Release|Mixed Platforms.Build.0 = Release|x86
		{239BA72F-EDF3-41F1-A2AD-F7CBA2430C96}.Release|Mixed Platforms.Deploy.0 = Release|x86
		{239BA72F-EDF3-41F1-A2AD-F7CBA2430C96}.Release|x64.ActiveCfg = Release|x64
		{239BA72F-EDF3-41F1-A2AD-F7CBA2430C96}.Release|x64.Build.0 = Release|x64
		{239BA72F-EDF3-41F1-A2AD-F7CBA2430C96}.Release|x64.Deploy.0 = Release|x64
		{239BA72F-EDF3-41F1-A2AD-F7CBA2430C96}.Release|x86.ActiveCfg = Release|x86
		{239BA72F-EDF3-41F1-A2AD-F7CBA2430C96}.Release|x86.Build.0 = Release|x86
		{239BA72F-EDF3-41F1-A2AD-F7CBA2430C96}.Release|x86.Deploy.0 = Release|x86
		{91859659-64A5-4AE6-8095-853D030CF774}.Debug|Any CPU.ActiveCfg = Debug|Any CPU
		{91859659-64A5-4AE6-8095-853D030CF774}.Debug|Any CPU.Build.0 = Debug|Any CPU
		{91859659-64A5-4AE6-8095-853D030CF774}.Debug|ARM.ActiveCfg = Debug|Any CPU
		{91859659-64A5-4AE6-8095-853D030CF774}.Debug|Mixed Platforms.ActiveCfg = Debug|Any CPU
		{91859659-64A5-4AE6-8095-853D030CF774}.Debug|Mixed Platforms.Build.0 = Debug|Any CPU
		{91859659-64A5-4AE6-8095-853D030CF774}.Debug|x64.ActiveCfg = Debug|Any CPU
		{91859659-64A5-4AE6-8095-853D030CF774}.Debug|x86.ActiveCfg = Debug|Any CPU
		{91859659-64A5-4AE6-8095-853D030CF774}.Release|Any CPU.ActiveCfg = Release|Any CPU
		{91859659-64A5-4AE6-8095-853D030CF774}.Release|Any CPU.Build.0 = Release|Any CPU
		{91859659-64A5-4AE6-8095-853D030CF774}.Release|ARM.ActiveCfg = Release|Any CPU
		{91859659-64A5-4AE6-8095-853D030CF774}.Release|Mixed Platforms.ActiveCfg = Release|Any CPU
		{91859659-64A5-4AE6-8095-853D030CF774}.Release|Mixed Platforms.Build.0 = Release|Any CPU
		{91859659-64A5-4AE6-8095-853D030CF774}.Release|x64.ActiveCfg = Release|Any CPU
		{91859659-64A5-4AE6-8095-853D030CF774}.Release|x86.ActiveCfg = Release|Any CPU
		{8F9CE91C-9D01-49BA-B75D-45CAFB952298}.Debug|Any CPU.ActiveCfg = Debug|Any CPU
		{8F9CE91C-9D01-49BA-B75D-45CAFB952298}.Debug|Any CPU.Build.0 = Debug|Any CPU
		{8F9CE91C-9D01-49BA-B75D-45CAFB952298}.Debug|ARM.ActiveCfg = Debug|Any CPU
		{8F9CE91C-9D01-49BA-B75D-45CAFB952298}.Debug|Mixed Platforms.ActiveCfg = Debug|Any CPU
		{8F9CE91C-9D01-49BA-B75D-45CAFB952298}.Debug|Mixed Platforms.Build.0 = Debug|Any CPU
		{8F9CE91C-9D01-49BA-B75D-45CAFB952298}.Debug|x64.ActiveCfg = Debug|Any CPU
		{8F9CE91C-9D01-49BA-B75D-45CAFB952298}.Debug|x86.ActiveCfg = Debug|Any CPU
		{8F9CE91C-9D01-49BA-B75D-45CAFB952298}.Release|Any CPU.ActiveCfg = Release|Any CPU
		{8F9CE91C-9D01-49BA-B75D-45CAFB952298}.Release|Any CPU.Build.0 = Release|Any CPU
		{8F9CE91C-9D01-49BA-B75D-45CAFB952298}.Release|ARM.ActiveCfg = Release|Any CPU
		{8F9CE91C-9D01-49BA-B75D-45CAFB952298}.Release|Mixed Platforms.ActiveCfg = Release|Any CPU
		{8F9CE91C-9D01-49BA-B75D-45CAFB952298}.Release|Mixed Platforms.Build.0 = Release|Any CPU
		{8F9CE91C-9D01-49BA-B75D-45CAFB952298}.Release|x64.ActiveCfg = Release|Any CPU
		{8F9CE91C-9D01-49BA-B75D-45CAFB952298}.Release|x86.ActiveCfg = Release|Any CPU
		{CBA19423-4C8A-423C-B844-D9E4069A00B5}.Debug|Any CPU.ActiveCfg = Debug|Any CPU
		{CBA19423-4C8A-423C-B844-D9E4069A00B5}.Debug|Any CPU.Build.0 = Debug|Any CPU
		{CBA19423-4C8A-423C-B844-D9E4069A00B5}.Debug|ARM.ActiveCfg = Debug|Any CPU
		{CBA19423-4C8A-423C-B844-D9E4069A00B5}.Debug|Mixed Platforms.ActiveCfg = Debug|Any CPU
		{CBA19423-4C8A-423C-B844-D9E4069A00B5}.Debug|Mixed Platforms.Build.0 = Debug|Any CPU
		{CBA19423-4C8A-423C-B844-D9E4069A00B5}.Debug|x64.ActiveCfg = Debug|Any CPU
		{CBA19423-4C8A-423C-B844-D9E4069A00B5}.Debug|x86.ActiveCfg = Debug|Any CPU
		{CBA19423-4C8A-423C-B844-D9E4069A00B5}.Release|Any CPU.ActiveCfg = Release|Any CPU
		{CBA19423-4C8A-423C-B844-D9E4069A00B5}.Release|Any CPU.Build.0 = Release|Any CPU
		{CBA19423-4C8A-423C-B844-D9E4069A00B5}.Release|ARM.ActiveCfg = Release|Any CPU
		{CBA19423-4C8A-423C-B844-D9E4069A00B5}.Release|Mixed Platforms.ActiveCfg = Release|Any CPU
		{CBA19423-4C8A-423C-B844-D9E4069A00B5}.Release|Mixed Platforms.Build.0 = Release|Any CPU
		{CBA19423-4C8A-423C-B844-D9E4069A00B5}.Release|x64.ActiveCfg = Release|Any CPU
		{CBA19423-4C8A-423C-B844-D9E4069A00B5}.Release|x86.ActiveCfg = Release|Any CPU
		{AAE1DEC6-F50E-437F-B159-954329F5C006}.Debug|Any CPU.ActiveCfg = Debug|Any CPU
		{AAE1DEC6-F50E-437F-B159-954329F5C006}.Debug|Any CPU.Build.0 = Debug|Any CPU
		{AAE1DEC6-F50E-437F-B159-954329F5C006}.Debug|ARM.ActiveCfg = Debug|Any CPU
		{AAE1DEC6-F50E-437F-B159-954329F5C006}.Debug|Mixed Platforms.ActiveCfg = Debug|Any CPU
		{AAE1DEC6-F50E-437F-B159-954329F5C006}.Debug|Mixed Platforms.Build.0 = Debug|Any CPU
		{AAE1DEC6-F50E-437F-B159-954329F5C006}.Debug|x64.ActiveCfg = Debug|Any CPU
		{AAE1DEC6-F50E-437F-B159-954329F5C006}.Debug|x86.ActiveCfg = Debug|Any CPU
		{AAE1DEC6-F50E-437F-B159-954329F5C006}.Release|Any CPU.ActiveCfg = Release|Any CPU
		{AAE1DEC6-F50E-437F-B159-954329F5C006}.Release|Any CPU.Build.0 = Release|Any CPU
		{AAE1DEC6-F50E-437F-B159-954329F5C006}.Release|ARM.ActiveCfg = Release|Any CPU
		{AAE1DEC6-F50E-437F-B159-954329F5C006}.Release|Mixed Platforms.ActiveCfg = Release|Any CPU
		{AAE1DEC6-F50E-437F-B159-954329F5C006}.Release|Mixed Platforms.Build.0 = Release|Any CPU
		{AAE1DEC6-F50E-437F-B159-954329F5C006}.Release|x64.ActiveCfg = Release|Any CPU
		{AAE1DEC6-F50E-437F-B159-954329F5C006}.Release|x86.ActiveCfg = Release|Any CPU
	EndGlobalSection
	GlobalSection(SolutionProperties) = preSolution
		HideSolutionNode = FALSE
	EndGlobalSection
	GlobalSection(NestedProjects) = preSolution
		{D9FC2755-6C2B-498D-BC8E-8C5632C3578E} = {4138CC9D-07C2-441A-9B38-421BDDFD4A23}
		{A5AE2D34-327B-4015-8E48-E69D5B9BA989} = {4138CC9D-07C2-441A-9B38-421BDDFD4A23}
		{579CB519-C3F6-45E6-9210-DBF8905A8B4B} = {4138CC9D-07C2-441A-9B38-421BDDFD4A23}
		{A37FFE2C-78A6-466E-86FF-DD36D7BD4BE3} = {4138CC9D-07C2-441A-9B38-421BDDFD4A23}
		{0D76930E-BD12-476A-9ACB-8A5A11BE7C29} = {4138CC9D-07C2-441A-9B38-421BDDFD4A23}
		{4157A9F0-EDA6-407E-9732-6E40917847D8} = {4138CC9D-07C2-441A-9B38-421BDDFD4A23}
		{D5EBA9A9-9488-48AE-BAB7-C5D6E642530D} = {4138CC9D-07C2-441A-9B38-421BDDFD4A23}
		{239BA72F-EDF3-41F1-A2AD-F7CBA2430C96} = {4138CC9D-07C2-441A-9B38-421BDDFD4A23}
		{91859659-64A5-4AE6-8095-853D030CF774} = {4138CC9D-07C2-441A-9B38-421BDDFD4A23}
		{8F9CE91C-9D01-49BA-B75D-45CAFB952298} = {4138CC9D-07C2-441A-9B38-421BDDFD4A23}
		{CBA19423-4C8A-423C-B844-D9E4069A00B5} = {4138CC9D-07C2-441A-9B38-421BDDFD4A23}
	EndGlobalSection
EndGlobal
