
Microsoft Visual Studio Solution File, Format Version 12.00
# Visual Studio Version 16
VisualStudioVersion = 16.0.30711.63
MinimumVisualStudioVersion = 10.0.40219.1
Project("{2150E333-8FDC-42A3-9474-1A3956D46DE8}") = "TestApps", "TestApps", "{4138CC9D-07C2-441A-9B38-421BDDFD4A23}"
EndProject
Project("{FAE04EC0-301F-11D3-BF4B-00C04F79EFBC}") = "TestApp.WindowsForms", "TestApps\TestApp.WindowsForms\TestApp.WindowsForms.csproj", "{D9FC2755-6C2B-498D-BC8E-8C5632C3578E}"
EndProject
Project("{FAE04EC0-301F-11D3-BF4B-00C04F79EFBC}") = "Tethys.Logging.Common.Logging", "Tethys.Logging.Common.Logging\Tethys.Logging.Common.Logging.csproj", "{2866CF2D-81D6-4123-B26A-FBD46B13E3AD}"
EndProject
Project("{FAE04EC0-301F-11D3-BF4B-00C04F79EFBC}") = "Tethys.Logging.Controls", "Tethys.Logging.Controls\Tethys.Logging.Controls.csproj", "{A7304531-0144-48F9-AC6A-057F7CA00DD5}"
EndProject
Project("{FAE04EC0-301F-11D3-BF4B-00C04F79EFBC}") = "Tethys.Logging.Controls.Wpf", "Tethys.Logging.Controls.Wpf\Tethys.Logging.Controls.Wpf.csproj", "{38FAA737-D21C-4CCD-B379-3AB7CF3D9F70}"
EndProject
Project("{FAE04EC0-301F-11D3-BF4B-00C04F79EFBC}") = "Tethys.Logging.NLog", "Tethys.Logging.NLog\Tethys.Logging.NLog.csproj", "{6453F7B5-BF04-4104-9C72-C77594AAF037}"
EndProject
Project("{FAE04EC0-301F-11D3-BF4B-00C04F79EFBC}") = "Tethys.Logging.Log4Net", "Tethys.Logging.Log4Net\Tethys.Logging.Log4Net.csproj", "{20068C45-A629-4FCD-BA24-ED386A19C3C2}"
EndProject
Project("{FAE04EC0-301F-11D3-BF4B-00C04F79EFBC}") = "TestApp.Common.Logging", "TestApps\TestApp.Common.Logging\TestApp.Common.Logging.csproj", "{A5AE2D34-327B-4015-8E48-E69D5B9BA989}"
EndProject
Project("{FAE04EC0-301F-11D3-BF4B-00C04F79EFBC}") = "TestApp.log4net", "TestApps\TestApp.Log4Net\TestApp.log4net.csproj", "{579CB519-C3F6-45E6-9210-DBF8905A8B4B}"
EndProject
Project("{FAE04EC0-301F-11D3-BF4B-00C04F79EFBC}") = "TestApp.NLog", "TestApps\TestApp.NLog\TestApp.NLog.csproj", "{A37FFE2C-78A6-466E-86FF-DD36D7BD4BE3}"
EndProject
Project("{FAE04EC0-301F-11D3-BF4B-00C04F79EFBC}") = "TestApp.WPF", "TestApps\TestApp.WPF\TestApp.WPF.csproj", "{0D76930E-BD12-476A-9ACB-8A5A11BE7C29}"
EndProject
Project("{FAE04EC0-301F-11D3-BF4B-00C04F79EFBC}") = "TestApp.Common.Logging.NLog", "TestApps\TestApp.Common.Logging.NLog\TestApp.Common.Logging.NLog.csproj", "{91859659-64A5-4AE6-8095-853D030CF774}"
EndProject
Project("{FAE04EC0-301F-11D3-BF4B-00C04F79EFBC}") = "TestApp.NLog2", "TestApps\TestApp.NLog2\TestApp.NLog2.csproj", "{8F9CE91C-9D01-49BA-B75D-45CAFB952298}"
EndProject
Project("{FAE04EC0-301F-11D3-BF4B-00C04F79EFBC}") = "TestApp.LogView", "TestApps\TestApp.LogView\TestApp.LogView.csproj", "{CBA19423-4C8A-423C-B844-D9E4069A00B5}"
EndProject
Project("{FAE04EC0-301F-11D3-BF4B-00C04F79EFBC}") = "Tethys.Logging.Win", "Tethys.Logging.Win\Tethys.Logging.Win.csproj", "{AAE1DEC6-F50E-437F-B159-954329F5C006}"
EndProject
Project("{2150E333-8FDC-42A3-9474-1A3956D46DE8}") = "Global", "Global", "{46FF8482-C55C-484C-A65A-B40B060F4A9E}"
	ProjectSection(SolutionItems) = preProject
		Directory.Build.props = Directory.Build.props
		GlobalAssemblyInfo.cs = GlobalAssemblyInfo.cs
		Tethys.Logging.ruleset = Tethys.Logging.ruleset
	EndProjectSection
EndProject
Project("{FAE04EC0-301F-11D3-BF4B-00C04F79EFBC}") = "Tethys.Logging.Common.Logging231", "Tethys.Logging.Common.Logging231\Tethys.Logging.Common.Logging231.csproj", "{D1441E01-15AB-416F-83EE-ABF256617BCA}"
EndProject
Project("{FAE04EC0-301F-11D3-BF4B-00C04F79EFBC}") = "TestApp.Common.Logging231", "TestApps\TestApp.Common.Logging231\TestApp.Common.Logging231.csproj", "{6082041B-5BC4-4656-B58D-7B872FBEF549}"
EndProject
Project("{FAE04EC0-301F-11D3-BF4B-00C04F79EFBC}") = "Tethys.Logging.NLog310", "Tethys.Logging.NLog310\Tethys.Logging.NLog310.csproj", "{036AFD4F-2260-447A-BFD0-233AB02D2DBD}"
EndProject
Project("{FAE04EC0-301F-11D3-BF4B-00C04F79EFBC}") = "TestApp.NLog310", "TestApps\TestApp.NLog310\TestApp.NLog310.csproj", "{61435076-B1D2-4791-BFA5-A89E647F7CA3}"
EndProject
Project("{2150E333-8FDC-42A3-9474-1A3956D46DE8}") = "doc", "doc", "{D7CCBB64-60DA-4172-8D67-732E6F79227E}"
	ProjectSection(SolutionItems) = preProject
		ChangeLog.md = ChangeLog.md
		LICENSE = LICENSE
		README.md = README.md
	EndProjectSection
EndProject
Project("{FAE04EC0-301F-11D3-BF4B-00C04F79EFBC}") = "Tethys.Logging.Common.Logging341", "Tethys.Logging.Common.Logging341\Tethys.Logging.Common.Logging341.csproj", "{4584AB02-CE4F-4B6D-AC20-050661F46164}"
EndProject
Project("{FAE04EC0-301F-11D3-BF4B-00C04F79EFBC}") = "TestApp.Common.Logging341", "TestApps\TestApp.Common.Logging341\TestApp.Common.Logging341.csproj", "{39A223EB-EDAD-47A1-98AF-BF3CA6D182A4}"
EndProject
Project("{FAE04EC0-301F-11D3-BF4B-00C04F79EFBC}") = "Tethys.Logging.Log4Net208", "Tethys.Logging.Log4Net208\Tethys.Logging.Log4Net208.csproj", "{A4398F05-B03D-4FC0-BE4B-3439F062B254}"
EndProject
Project("{FAE04EC0-301F-11D3-BF4B-00C04F79EFBC}") = "Tethys.Logging.NLog4412", "Tethys.Logging.NLog4412\Tethys.Logging.NLog4412.csproj", "{3D6AEC3B-210C-4C08-B62D-78E89DFAD2D6}"
EndProject
Project("{FAE04EC0-301F-11D3-BF4B-00C04F79EFBC}") = "TestApp.log4net208", "TestApps\TestApp.Log4Net208\TestApp.log4net208.csproj", "{5BF2C025-CCB3-4EF4-AC60-3892F3106810}"
EndProject
Project("{FAE04EC0-301F-11D3-BF4B-00C04F79EFBC}") = "TestApp.NLog4412", "TestApps\TestApp.NLog4412\TestApp.NLog4412.csproj", "{1D5BF38F-5854-47A7-A91A-530D329F18EE}"
EndProject
Project("{9A19103F-16F7-4668-BE54-9A1E7A4F7556}") = "Tethys.Logging.Console", "Tethys.Logging.Console\Tethys.Logging.Console.csproj", "{B4340914-CCF1-4FB0-B40A-F7358075D0BE}"
EndProject
Project("{9A19103F-16F7-4668-BE54-9A1E7A4F7556}") = "Tethys.Logging", "Tethys.Logging\Tethys.Logging.csproj", "{F60C8961-5B5D-4DAC-82A5-05098841B9AE}"
EndProject
Project("{9A19103F-16F7-4668-BE54-9A1E7A4F7556}") = "Tethys.Logging.Controls.NET5", "Tethys.Logging.Controls.NET5\Tethys.Logging.Controls.NET5.csproj", "{F7E0FF10-997E-43BB-8186-46DED4CE92D8}"
EndProject
Project("{9A19103F-16F7-4668-BE54-9A1E7A4F7556}") = "TestApp.WindowsForms.NET5", "TestApps\TestApp.WindowsForms.NET5\TestApp.WindowsForms.NET5.csproj", "{E62F1852-DC33-492C-AFFF-631D891EEA46}"
EndProject
Project("{FAE04EC0-301F-11D3-BF4B-00C04F79EFBC}") = "TestApp.WPF.NET5", "TestApps\TestApp.WPF.NET5\TestApp.WPF.NET5.csproj", "{D5000DFC-8255-4B8E-8797-530624AB61BF}"
EndProject
Project("{FAE04EC0-301F-11D3-BF4B-00C04F79EFBC}") = "Tethys.Logging.Controls.Wpf.NET5", "Tethys.Logging.Controls.Wpf.NET5\Tethys.Logging.Controls.Wpf.NET5.csproj", "{9BFBAF01-66EA-4A85-B509-AF2F8879FC8C}"
EndProject
Global
	GlobalSection(SolutionConfigurationPlatforms) = preSolution
		Debug|Any CPU = Debug|Any CPU
		Debug|ARM = Debug|ARM
		Debug|Mixed Platforms = Debug|Mixed Platforms
		Debug|x64 = Debug|x64
		Debug|x86 = Debug|x86
		Release|Any CPU = Release|Any CPU
		Release|ARM = Release|ARM
		Release|Mixed Platforms = Release|Mixed Platforms
		Release|x64 = Release|x64
		Release|x86 = Release|x86
	EndGlobalSection
	GlobalSection(ProjectConfigurationPlatforms) = postSolution
		{D9FC2755-6C2B-498D-BC8E-8C5632C3578E}.Debug|Any CPU.ActiveCfg = Debug|Any CPU
		{D9FC2755-6C2B-498D-BC8E-8C5632C3578E}.Debug|Any CPU.Build.0 = Debug|Any CPU
		{D9FC2755-6C2B-498D-BC8E-8C5632C3578E}.Debug|ARM.ActiveCfg = Debug|Any CPU
		{D9FC2755-6C2B-498D-BC8E-8C5632C3578E}.Debug|Mixed Platforms.ActiveCfg = Debug|Any CPU
		{D9FC2755-6C2B-498D-BC8E-8C5632C3578E}.Debug|Mixed Platforms.Build.0 = Debug|Any CPU
		{D9FC2755-6C2B-498D-BC8E-8C5632C3578E}.Debug|x64.ActiveCfg = Debug|Any CPU
		{D9FC2755-6C2B-498D-BC8E-8C5632C3578E}.Debug|x86.ActiveCfg = Debug|Any CPU
		{D9FC2755-6C2B-498D-BC8E-8C5632C3578E}.Release|Any CPU.ActiveCfg = Release|Any CPU
		{D9FC2755-6C2B-498D-BC8E-8C5632C3578E}.Release|Any CPU.Build.0 = Release|Any CPU
		{D9FC2755-6C2B-498D-BC8E-8C5632C3578E}.Release|ARM.ActiveCfg = Release|Any CPU
		{D9FC2755-6C2B-498D-BC8E-8C5632C3578E}.Release|Mixed Platforms.ActiveCfg = Release|Any CPU
		{D9FC2755-6C2B-498D-BC8E-8C5632C3578E}.Release|Mixed Platforms.Build.0 = Release|Any CPU
		{D9FC2755-6C2B-498D-BC8E-8C5632C3578E}.Release|x64.ActiveCfg = Release|Any CPU
		{D9FC2755-6C2B-498D-BC8E-8C5632C3578E}.Release|x86.ActiveCfg = Release|Any CPU
		{2866CF2D-81D6-4123-B26A-FBD46B13E3AD}.Debug|Any CPU.ActiveCfg = Debug|Any CPU
		{2866CF2D-81D6-4123-B26A-FBD46B13E3AD}.Debug|Any CPU.Build.0 = Debug|Any CPU
		{2866CF2D-81D6-4123-B26A-FBD46B13E3AD}.Debug|ARM.ActiveCfg = Debug|Any CPU
		{2866CF2D-81D6-4123-B26A-FBD46B13E3AD}.Debug|Mixed Platforms.ActiveCfg = Debug|Any CPU
		{2866CF2D-81D6-4123-B26A-FBD46B13E3AD}.Debug|Mixed Platforms.Build.0 = Debug|Any CPU
		{2866CF2D-81D6-4123-B26A-FBD46B13E3AD}.Debug|x64.ActiveCfg = Debug|Any CPU
		{2866CF2D-81D6-4123-B26A-FBD46B13E3AD}.Debug|x86.ActiveCfg = Debug|Any CPU
		{2866CF2D-81D6-4123-B26A-FBD46B13E3AD}.Release|Any CPU.ActiveCfg = Release|Any CPU
		{2866CF2D-81D6-4123-B26A-FBD46B13E3AD}.Release|Any CPU.Build.0 = Release|Any CPU
		{2866CF2D-81D6-4123-B26A-FBD46B13E3AD}.Release|ARM.ActiveCfg = Release|Any CPU
		{2866CF2D-81D6-4123-B26A-FBD46B13E3AD}.Release|Mixed Platforms.ActiveCfg = Release|Any CPU
		{2866CF2D-81D6-4123-B26A-FBD46B13E3AD}.Release|Mixed Platforms.Build.0 = Release|Any CPU
		{2866CF2D-81D6-4123-B26A-FBD46B13E3AD}.Release|x64.ActiveCfg = Release|Any CPU
		{2866CF2D-81D6-4123-B26A-FBD46B13E3AD}.Release|x86.ActiveCfg = Release|Any CPU
		{A7304531-0144-48F9-AC6A-057F7CA00DD5}.Debug|Any CPU.ActiveCfg = Debug|Any CPU
		{A7304531-0144-48F9-AC6A-057F7CA00DD5}.Debug|Any CPU.Build.0 = Debug|Any CPU
		{A7304531-0144-48F9-AC6A-057F7CA00DD5}.Debug|ARM.ActiveCfg = Debug|Any CPU
		{A7304531-0144-48F9-AC6A-057F7CA00DD5}.Debug|Mixed Platforms.ActiveCfg = Debug|Any CPU
		{A7304531-0144-48F9-AC6A-057F7CA00DD5}.Debug|Mixed Platforms.Build.0 = Debug|Any CPU
		{A7304531-0144-48F9-AC6A-057F7CA00DD5}.Debug|x64.ActiveCfg = Debug|Any CPU
		{A7304531-0144-48F9-AC6A-057F7CA00DD5}.Debug|x86.ActiveCfg = Debug|Any CPU
		{A7304531-0144-48F9-AC6A-057F7CA00DD5}.Release|Any CPU.ActiveCfg = Release|Any CPU
		{A7304531-0144-48F9-AC6A-057F7CA00DD5}.Release|Any CPU.Build.0 = Release|Any CPU
		{A7304531-0144-48F9-AC6A-057F7CA00DD5}.Release|ARM.ActiveCfg = Release|Any CPU
		{A7304531-0144-48F9-AC6A-057F7CA00DD5}.Release|Mixed Platforms.ActiveCfg = Release|Any CPU
		{A7304531-0144-48F9-AC6A-057F7CA00DD5}.Release|Mixed Platforms.Build.0 = Release|Any CPU
		{A7304531-0144-48F9-AC6A-057F7CA00DD5}.Release|x64.ActiveCfg = Release|Any CPU
		{A7304531-0144-48F9-AC6A-057F7CA00DD5}.Release|x86.ActiveCfg = Release|Any CPU
		{38FAA737-D21C-4CCD-B379-3AB7CF3D9F70}.Debug|Any CPU.ActiveCfg = Debug|Any CPU
		{38FAA737-D21C-4CCD-B379-3AB7CF3D9F70}.Debug|Any CPU.Build.0 = Debug|Any CPU
		{38FAA737-D21C-4CCD-B379-3AB7CF3D9F70}.Debug|ARM.ActiveCfg = Debug|Any CPU
		{38FAA737-D21C-4CCD-B379-3AB7CF3D9F70}.Debug|Mixed Platforms.ActiveCfg = Debug|Any CPU
		{38FAA737-D21C-4CCD-B379-3AB7CF3D9F70}.Debug|Mixed Platforms.Build.0 = Debug|Any CPU
		{38FAA737-D21C-4CCD-B379-3AB7CF3D9F70}.Debug|x64.ActiveCfg = Debug|Any CPU
		{38FAA737-D21C-4CCD-B379-3AB7CF3D9F70}.Debug|x86.ActiveCfg = Debug|Any CPU
		{38FAA737-D21C-4CCD-B379-3AB7CF3D9F70}.Release|Any CPU.ActiveCfg = Release|Any CPU
		{38FAA737-D21C-4CCD-B379-3AB7CF3D9F70}.Release|Any CPU.Build.0 = Release|Any CPU
		{38FAA737-D21C-4CCD-B379-3AB7CF3D9F70}.Release|ARM.ActiveCfg = Release|Any CPU
		{38FAA737-D21C-4CCD-B379-3AB7CF3D9F70}.Release|Mixed Platforms.ActiveCfg = Release|Any CPU
		{38FAA737-D21C-4CCD-B379-3AB7CF3D9F70}.Release|Mixed Platforms.Build.0 = Release|Any CPU
		{38FAA737-D21C-4CCD-B379-3AB7CF3D9F70}.Release|x64.ActiveCfg = Release|Any CPU
		{38FAA737-D21C-4CCD-B379-3AB7CF3D9F70}.Release|x86.ActiveCfg = Release|Any CPU
		{6453F7B5-BF04-4104-9C72-C77594AAF037}.Debug|Any CPU.ActiveCfg = Debug|Any CPU
		{6453F7B5-BF04-4104-9C72-C77594AAF037}.Debug|Any CPU.Build.0 = Debug|Any CPU
		{6453F7B5-BF04-4104-9C72-C77594AAF037}.Debug|ARM.ActiveCfg = Debug|Any CPU
		{6453F7B5-BF04-4104-9C72-C77594AAF037}.Debug|Mixed Platforms.ActiveCfg = Debug|Any CPU
		{6453F7B5-BF04-4104-9C72-C77594AAF037}.Debug|Mixed Platforms.Build.0 = Debug|Any CPU
		{6453F7B5-BF04-4104-9C72-C77594AAF037}.Debug|x64.ActiveCfg = Debug|Any CPU
		{6453F7B5-BF04-4104-9C72-C77594AAF037}.Debug|x86.ActiveCfg = Debug|Any CPU
		{6453F7B5-BF04-4104-9C72-C77594AAF037}.Release|Any CPU.ActiveCfg = Release|Any CPU
		{6453F7B5-BF04-4104-9C72-C77594AAF037}.Release|Any CPU.Build.0 = Release|Any CPU
		{6453F7B5-BF04-4104-9C72-C77594AAF037}.Release|ARM.ActiveCfg = Release|Any CPU
		{6453F7B5-BF04-4104-9C72-C77594AAF037}.Release|Mixed Platforms.ActiveCfg = Release|Any CPU
		{6453F7B5-BF04-4104-9C72-C77594AAF037}.Release|Mixed Platforms.Build.0 = Release|Any CPU
		{6453F7B5-BF04-4104-9C72-C77594AAF037}.Release|x64.ActiveCfg = Release|Any CPU
		{6453F7B5-BF04-4104-9C72-C77594AAF037}.Release|x86.ActiveCfg = Release|Any CPU
		{20068C45-A629-4FCD-BA24-ED386A19C3C2}.Debug|Any CPU.ActiveCfg = Debug|Any CPU
		{20068C45-A629-4FCD-BA24-ED386A19C3C2}.Debug|Any CPU.Build.0 = Debug|Any CPU
		{20068C45-A629-4FCD-BA24-ED386A19C3C2}.Debug|ARM.ActiveCfg = Debug|Any CPU
		{20068C45-A629-4FCD-BA24-ED386A19C3C2}.Debug|Mixed Platforms.ActiveCfg = Debug|Any CPU
		{20068C45-A629-4FCD-BA24-ED386A19C3C2}.Debug|Mixed Platforms.Build.0 = Debug|Any CPU
		{20068C45-A629-4FCD-BA24-ED386A19C3C2}.Debug|x64.ActiveCfg = Debug|Any CPU
		{20068C45-A629-4FCD-BA24-ED386A19C3C2}.Debug|x86.ActiveCfg = Debug|Any CPU
		{20068C45-A629-4FCD-BA24-ED386A19C3C2}.Release|Any CPU.ActiveCfg = Release|Any CPU
		{20068C45-A629-4FCD-BA24-ED386A19C3C2}.Release|Any CPU.Build.0 = Release|Any CPU
		{20068C45-A629-4FCD-BA24-ED386A19C3C2}.Release|ARM.ActiveCfg = Release|Any CPU
		{20068C45-A629-4FCD-BA24-ED386A19C3C2}.Release|Mixed Platforms.ActiveCfg = Release|Any CPU
		{20068C45-A629-4FCD-BA24-ED386A19C3C2}.Release|Mixed Platforms.Build.0 = Release|Any CPU
		{20068C45-A629-4FCD-BA24-ED386A19C3C2}.Release|x64.ActiveCfg = Release|Any CPU
		{20068C45-A629-4FCD-BA24-ED386A19C3C2}.Release|x86.ActiveCfg = Release|Any CPU
		{A5AE2D34-327B-4015-8E48-E69D5B9BA989}.Debug|Any CPU.ActiveCfg = Debug|Any CPU
		{A5AE2D34-327B-4015-8E48-E69D5B9BA989}.Debug|Any CPU.Build.0 = Debug|Any CPU
		{A5AE2D34-327B-4015-8E48-E69D5B9BA989}.Debug|ARM.ActiveCfg = Debug|Any CPU
		{A5AE2D34-327B-4015-8E48-E69D5B9BA989}.Debug|Mixed Platforms.ActiveCfg = Debug|Any CPU
		{A5AE2D34-327B-4015-8E48-E69D5B9BA989}.Debug|Mixed Platforms.Build.0 = Debug|Any CPU
		{A5AE2D34-327B-4015-8E48-E69D5B9BA989}.Debug|x64.ActiveCfg = Debug|Any CPU
		{A5AE2D34-327B-4015-8E48-E69D5B9BA989}.Debug|x86.ActiveCfg = Debug|Any CPU
		{A5AE2D34-327B-4015-8E48-E69D5B9BA989}.Release|Any CPU.ActiveCfg = Release|Any CPU
		{A5AE2D34-327B-4015-8E48-E69D5B9BA989}.Release|Any CPU.Build.0 = Release|Any CPU
		{A5AE2D34-327B-4015-8E48-E69D5B9BA989}.Release|ARM.ActiveCfg = Release|Any CPU
		{A5AE2D34-327B-4015-8E48-E69D5B9BA989}.Release|Mixed Platforms.ActiveCfg = Release|Any CPU
		{A5AE2D34-327B-4015-8E48-E69D5B9BA989}.Release|Mixed Platforms.Build.0 = Release|Any CPU
		{A5AE2D34-327B-4015-8E48-E69D5B9BA989}.Release|x64.ActiveCfg = Release|Any CPU
		{A5AE2D34-327B-4015-8E48-E69D5B9BA989}.Release|x86.ActiveCfg = Release|Any CPU
		{579CB519-C3F6-45E6-9210-DBF8905A8B4B}.Debug|Any CPU.ActiveCfg = Debug|Any CPU
		{579CB519-C3F6-45E6-9210-DBF8905A8B4B}.Debug|Any CPU.Build.0 = Debug|Any CPU
		{579CB519-C3F6-45E6-9210-DBF8905A8B4B}.Debug|ARM.ActiveCfg = Debug|Any CPU
		{579CB519-C3F6-45E6-9210-DBF8905A8B4B}.Debug|Mixed Platforms.ActiveCfg = Debug|Any CPU
		{579CB519-C3F6-45E6-9210-DBF8905A8B4B}.Debug|Mixed Platforms.Build.0 = Debug|Any CPU
		{579CB519-C3F6-45E6-9210-DBF8905A8B4B}.Debug|x64.ActiveCfg = Debug|Any CPU
		{579CB519-C3F6-45E6-9210-DBF8905A8B4B}.Debug|x86.ActiveCfg = Debug|Any CPU
		{579CB519-C3F6-45E6-9210-DBF8905A8B4B}.Release|Any CPU.ActiveCfg = Release|Any CPU
		{579CB519-C3F6-45E6-9210-DBF8905A8B4B}.Release|Any CPU.Build.0 = Release|Any CPU
		{579CB519-C3F6-45E6-9210-DBF8905A8B4B}.Release|ARM.ActiveCfg = Release|Any CPU
		{579CB519-C3F6-45E6-9210-DBF8905A8B4B}.Release|Mixed Platforms.ActiveCfg = Release|Any CPU
		{579CB519-C3F6-45E6-9210-DBF8905A8B4B}.Release|Mixed Platforms.Build.0 = Release|Any CPU
		{579CB519-C3F6-45E6-9210-DBF8905A8B4B}.Release|x64.ActiveCfg = Release|Any CPU
		{579CB519-C3F6-45E6-9210-DBF8905A8B4B}.Release|x86.ActiveCfg = Release|Any CPU
		{A37FFE2C-78A6-466E-86FF-DD36D7BD4BE3}.Debug|Any CPU.ActiveCfg = Debug|Any CPU
		{A37FFE2C-78A6-466E-86FF-DD36D7BD4BE3}.Debug|Any CPU.Build.0 = Debug|Any CPU
		{A37FFE2C-78A6-466E-86FF-DD36D7BD4BE3}.Debug|ARM.ActiveCfg = Debug|Any CPU
		{A37FFE2C-78A6-466E-86FF-DD36D7BD4BE3}.Debug|Mixed Platforms.ActiveCfg = Debug|Any CPU
		{A37FFE2C-78A6-466E-86FF-DD36D7BD4BE3}.Debug|Mixed Platforms.Build.0 = Debug|Any CPU
		{A37FFE2C-78A6-466E-86FF-DD36D7BD4BE3}.Debug|x64.ActiveCfg = Debug|Any CPU
		{A37FFE2C-78A6-466E-86FF-DD36D7BD4BE3}.Debug|x86.ActiveCfg = Debug|Any CPU
		{A37FFE2C-78A6-466E-86FF-DD36D7BD4BE3}.Release|Any CPU.ActiveCfg = Release|Any CPU
		{A37FFE2C-78A6-466E-86FF-DD36D7BD4BE3}.Release|Any CPU.Build.0 = Release|Any CPU
		{A37FFE2C-78A6-466E-86FF-DD36D7BD4BE3}.Release|ARM.ActiveCfg = Release|Any CPU
		{A37FFE2C-78A6-466E-86FF-DD36D7BD4BE3}.Release|Mixed Platforms.ActiveCfg = Release|Any CPU
		{A37FFE2C-78A6-466E-86FF-DD36D7BD4BE3}.Release|Mixed Platforms.Build.0 = Release|Any CPU
		{A37FFE2C-78A6-466E-86FF-DD36D7BD4BE3}.Release|x64.ActiveCfg = Release|Any CPU
		{A37FFE2C-78A6-466E-86FF-DD36D7BD4BE3}.Release|x86.ActiveCfg = Release|Any CPU
		{0D76930E-BD12-476A-9ACB-8A5A11BE7C29}.Debug|Any CPU.ActiveCfg = Debug|x86
		{0D76930E-BD12-476A-9ACB-8A5A11BE7C29}.Debug|ARM.ActiveCfg = Debug|x86
		{0D76930E-BD12-476A-9ACB-8A5A11BE7C29}.Debug|Mixed Platforms.ActiveCfg = Debug|x86
		{0D76930E-BD12-476A-9ACB-8A5A11BE7C29}.Debug|Mixed Platforms.Build.0 = Debug|x86
		{0D76930E-BD12-476A-9ACB-8A5A11BE7C29}.Debug|x64.ActiveCfg = Debug|x86
		{0D76930E-BD12-476A-9ACB-8A5A11BE7C29}.Debug|x86.ActiveCfg = Debug|x86
		{0D76930E-BD12-476A-9ACB-8A5A11BE7C29}.Debug|x86.Build.0 = Debug|x86
		{0D76930E-BD12-476A-9ACB-8A5A11BE7C29}.Release|Any CPU.ActiveCfg = Release|x86
		{0D76930E-BD12-476A-9ACB-8A5A11BE7C29}.Release|ARM.ActiveCfg = Release|x86
		{0D76930E-BD12-476A-9ACB-8A5A11BE7C29}.Release|Mixed Platforms.ActiveCfg = Release|x86
		{0D76930E-BD12-476A-9ACB-8A5A11BE7C29}.Release|Mixed Platforms.Build.0 = Release|x86
		{0D76930E-BD12-476A-9ACB-8A5A11BE7C29}.Release|x64.ActiveCfg = Release|x86
		{0D76930E-BD12-476A-9ACB-8A5A11BE7C29}.Release|x86.ActiveCfg = Release|x86
		{0D76930E-BD12-476A-9ACB-8A5A11BE7C29}.Release|x86.Build.0 = Release|x86
		{91859659-64A5-4AE6-8095-853D030CF774}.Debug|Any CPU.ActiveCfg = Debug|Any CPU
		{91859659-64A5-4AE6-8095-853D030CF774}.Debug|Any CPU.Build.0 = Debug|Any CPU
		{91859659-64A5-4AE6-8095-853D030CF774}.Debug|ARM.ActiveCfg = Debug|Any CPU
		{91859659-64A5-4AE6-8095-853D030CF774}.Debug|Mixed Platforms.ActiveCfg = Debug|Any CPU
		{91859659-64A5-4AE6-8095-853D030CF774}.Debug|Mixed Platforms.Build.0 = Debug|Any CPU
		{91859659-64A5-4AE6-8095-853D030CF774}.Debug|x64.ActiveCfg = Debug|Any CPU
		{91859659-64A5-4AE6-8095-853D030CF774}.Debug|x86.ActiveCfg = Debug|Any CPU
		{91859659-64A5-4AE6-8095-853D030CF774}.Release|Any CPU.ActiveCfg = Release|Any CPU
		{91859659-64A5-4AE6-8095-853D030CF774}.Release|Any CPU.Build.0 = Release|Any CPU
		{91859659-64A5-4AE6-8095-853D030CF774}.Release|ARM.ActiveCfg = Release|Any CPU
		{91859659-64A5-4AE6-8095-853D030CF774}.Release|Mixed Platforms.ActiveCfg = Release|Any CPU
		{91859659-64A5-4AE6-8095-853D030CF774}.Release|Mixed Platforms.Build.0 = Release|Any CPU
		{91859659-64A5-4AE6-8095-853D030CF774}.Release|x64.ActiveCfg = Release|Any CPU
		{91859659-64A5-4AE6-8095-853D030CF774}.Release|x86.ActiveCfg = Release|Any CPU
		{8F9CE91C-9D01-49BA-B75D-45CAFB952298}.Debug|Any CPU.ActiveCfg = Debug|Any CPU
		{8F9CE91C-9D01-49BA-B75D-45CAFB952298}.Debug|Any CPU.Build.0 = Debug|Any CPU
		{8F9CE91C-9D01-49BA-B75D-45CAFB952298}.Debug|ARM.ActiveCfg = Debug|Any CPU
		{8F9CE91C-9D01-49BA-B75D-45CAFB952298}.Debug|Mixed Platforms.ActiveCfg = Debug|Any CPU
		{8F9CE91C-9D01-49BA-B75D-45CAFB952298}.Debug|Mixed Platforms.Build.0 = Debug|Any CPU
		{8F9CE91C-9D01-49BA-B75D-45CAFB952298}.Debug|x64.ActiveCfg = Debug|Any CPU
		{8F9CE91C-9D01-49BA-B75D-45CAFB952298}.Debug|x86.ActiveCfg = Debug|Any CPU
		{8F9CE91C-9D01-49BA-B75D-45CAFB952298}.Release|Any CPU.ActiveCfg = Release|Any CPU
		{8F9CE91C-9D01-49BA-B75D-45CAFB952298}.Release|Any CPU.Build.0 = Release|Any CPU
		{8F9CE91C-9D01-49BA-B75D-45CAFB952298}.Release|ARM.ActiveCfg = Release|Any CPU
		{8F9CE91C-9D01-49BA-B75D-45CAFB952298}.Release|Mixed Platforms.ActiveCfg = Release|Any CPU
		{8F9CE91C-9D01-49BA-B75D-45CAFB952298}.Release|Mixed Platforms.Build.0 = Release|Any CPU
		{8F9CE91C-9D01-49BA-B75D-45CAFB952298}.Release|x64.ActiveCfg = Release|Any CPU
		{8F9CE91C-9D01-49BA-B75D-45CAFB952298}.Release|x86.ActiveCfg = Release|Any CPU
		{CBA19423-4C8A-423C-B844-D9E4069A00B5}.Debug|Any CPU.ActiveCfg = Debug|Any CPU
		{CBA19423-4C8A-423C-B844-D9E4069A00B5}.Debug|Any CPU.Build.0 = Debug|Any CPU
		{CBA19423-4C8A-423C-B844-D9E4069A00B5}.Debug|ARM.ActiveCfg = Debug|Any CPU
		{CBA19423-4C8A-423C-B844-D9E4069A00B5}.Debug|Mixed Platforms.ActiveCfg = Debug|Any CPU
		{CBA19423-4C8A-423C-B844-D9E4069A00B5}.Debug|Mixed Platforms.Build.0 = Debug|Any CPU
		{CBA19423-4C8A-423C-B844-D9E4069A00B5}.Debug|x64.ActiveCfg = Debug|Any CPU
		{CBA19423-4C8A-423C-B844-D9E4069A00B5}.Debug|x86.ActiveCfg = Debug|Any CPU
		{CBA19423-4C8A-423C-B844-D9E4069A00B5}.Release|Any CPU.ActiveCfg = Release|Any CPU
		{CBA19423-4C8A-423C-B844-D9E4069A00B5}.Release|Any CPU.Build.0 = Release|Any CPU
		{CBA19423-4C8A-423C-B844-D9E4069A00B5}.Release|ARM.ActiveCfg = Release|Any CPU
		{CBA19423-4C8A-423C-B844-D9E4069A00B5}.Release|Mixed Platforms.ActiveCfg = Release|Any CPU
		{CBA19423-4C8A-423C-B844-D9E4069A00B5}.Release|Mixed Platforms.Build.0 = Release|Any CPU
		{CBA19423-4C8A-423C-B844-D9E4069A00B5}.Release|x64.ActiveCfg = Release|Any CPU
		{CBA19423-4C8A-423C-B844-D9E4069A00B5}.Release|x86.ActiveCfg = Release|Any CPU
		{AAE1DEC6-F50E-437F-B159-954329F5C006}.Debug|Any CPU.ActiveCfg = Debug|Any CPU
		{AAE1DEC6-F50E-437F-B159-954329F5C006}.Debug|Any CPU.Build.0 = Debug|Any CPU
		{AAE1DEC6-F50E-437F-B159-954329F5C006}.Debug|ARM.ActiveCfg = Debug|Any CPU
		{AAE1DEC6-F50E-437F-B159-954329F5C006}.Debug|Mixed Platforms.ActiveCfg = Debug|Any CPU
		{AAE1DEC6-F50E-437F-B159-954329F5C006}.Debug|Mixed Platforms.Build.0 = Debug|Any CPU
		{AAE1DEC6-F50E-437F-B159-954329F5C006}.Debug|x64.ActiveCfg = Debug|Any CPU
		{AAE1DEC6-F50E-437F-B159-954329F5C006}.Debug|x86.ActiveCfg = Debug|Any CPU
		{AAE1DEC6-F50E-437F-B159-954329F5C006}.Release|Any CPU.ActiveCfg = Release|Any CPU
		{AAE1DEC6-F50E-437F-B159-954329F5C006}.Release|Any CPU.Build.0 = Release|Any CPU
		{AAE1DEC6-F50E-437F-B159-954329F5C006}.Release|ARM.ActiveCfg = Release|Any CPU
		{AAE1DEC6-F50E-437F-B159-954329F5C006}.Release|Mixed Platforms.ActiveCfg = Release|Any CPU
		{AAE1DEC6-F50E-437F-B159-954329F5C006}.Release|Mixed Platforms.Build.0 = Release|Any CPU
		{AAE1DEC6-F50E-437F-B159-954329F5C006}.Release|x64.ActiveCfg = Release|Any CPU
		{AAE1DEC6-F50E-437F-B159-954329F5C006}.Release|x86.ActiveCfg = Release|Any CPU
		{D1441E01-15AB-416F-83EE-ABF256617BCA}.Debug|Any CPU.ActiveCfg = Debug|Any CPU
		{D1441E01-15AB-416F-83EE-ABF256617BCA}.Debug|Any CPU.Build.0 = Debug|Any CPU
		{D1441E01-15AB-416F-83EE-ABF256617BCA}.Debug|ARM.ActiveCfg = Debug|Any CPU
		{D1441E01-15AB-416F-83EE-ABF256617BCA}.Debug|Mixed Platforms.ActiveCfg = Debug|Any CPU
		{D1441E01-15AB-416F-83EE-ABF256617BCA}.Debug|Mixed Platforms.Build.0 = Debug|Any CPU
		{D1441E01-15AB-416F-83EE-ABF256617BCA}.Debug|x64.ActiveCfg = Debug|Any CPU
		{D1441E01-15AB-416F-83EE-ABF256617BCA}.Debug|x86.ActiveCfg = Debug|Any CPU
		{D1441E01-15AB-416F-83EE-ABF256617BCA}.Release|Any CPU.ActiveCfg = Release|Any CPU
		{D1441E01-15AB-416F-83EE-ABF256617BCA}.Release|Any CPU.Build.0 = Release|Any CPU
		{D1441E01-15AB-416F-83EE-ABF256617BCA}.Release|ARM.ActiveCfg = Release|Any CPU
		{D1441E01-15AB-416F-83EE-ABF256617BCA}.Release|Mixed Platforms.ActiveCfg = Release|Any CPU
		{D1441E01-15AB-416F-83EE-ABF256617BCA}.Release|Mixed Platforms.Build.0 = Release|Any CPU
		{D1441E01-15AB-416F-83EE-ABF256617BCA}.Release|x64.ActiveCfg = Release|Any CPU
		{D1441E01-15AB-416F-83EE-ABF256617BCA}.Release|x86.ActiveCfg = Release|Any CPU
		{6082041B-5BC4-4656-B58D-7B872FBEF549}.Debug|Any CPU.ActiveCfg = Debug|Any CPU
		{6082041B-5BC4-4656-B58D-7B872FBEF549}.Debug|Any CPU.Build.0 = Debug|Any CPU
		{6082041B-5BC4-4656-B58D-7B872FBEF549}.Debug|ARM.ActiveCfg = Debug|Any CPU
		{6082041B-5BC4-4656-B58D-7B872FBEF549}.Debug|Mixed Platforms.ActiveCfg = Debug|Any CPU
		{6082041B-5BC4-4656-B58D-7B872FBEF549}.Debug|Mixed Platforms.Build.0 = Debug|Any CPU
		{6082041B-5BC4-4656-B58D-7B872FBEF549}.Debug|x64.ActiveCfg = Debug|Any CPU
		{6082041B-5BC4-4656-B58D-7B872FBEF549}.Debug|x86.ActiveCfg = Debug|Any CPU
		{6082041B-5BC4-4656-B58D-7B872FBEF549}.Release|Any CPU.ActiveCfg = Release|Any CPU
		{6082041B-5BC4-4656-B58D-7B872FBEF549}.Release|Any CPU.Build.0 = Release|Any CPU
		{6082041B-5BC4-4656-B58D-7B872FBEF549}.Release|ARM.ActiveCfg = Release|Any CPU
		{6082041B-5BC4-4656-B58D-7B872FBEF549}.Release|Mixed Platforms.ActiveCfg = Release|Any CPU
		{6082041B-5BC4-4656-B58D-7B872FBEF549}.Release|Mixed Platforms.Build.0 = Release|Any CPU
		{6082041B-5BC4-4656-B58D-7B872FBEF549}.Release|x64.ActiveCfg = Release|Any CPU
		{6082041B-5BC4-4656-B58D-7B872FBEF549}.Release|x86.ActiveCfg = Release|Any CPU
		{036AFD4F-2260-447A-BFD0-233AB02D2DBD}.Debug|Any CPU.ActiveCfg = Debug|Any CPU
		{036AFD4F-2260-447A-BFD0-233AB02D2DBD}.Debug|Any CPU.Build.0 = Debug|Any CPU
		{036AFD4F-2260-447A-BFD0-233AB02D2DBD}.Debug|ARM.ActiveCfg = Debug|Any CPU
		{036AFD4F-2260-447A-BFD0-233AB02D2DBD}.Debug|Mixed Platforms.ActiveCfg = Debug|Any CPU
		{036AFD4F-2260-447A-BFD0-233AB02D2DBD}.Debug|Mixed Platforms.Build.0 = Debug|Any CPU
		{036AFD4F-2260-447A-BFD0-233AB02D2DBD}.Debug|x64.ActiveCfg = Debug|Any CPU
		{036AFD4F-2260-447A-BFD0-233AB02D2DBD}.Debug|x86.ActiveCfg = Debug|Any CPU
		{036AFD4F-2260-447A-BFD0-233AB02D2DBD}.Release|Any CPU.ActiveCfg = Release|Any CPU
		{036AFD4F-2260-447A-BFD0-233AB02D2DBD}.Release|Any CPU.Build.0 = Release|Any CPU
		{036AFD4F-2260-447A-BFD0-233AB02D2DBD}.Release|ARM.ActiveCfg = Release|Any CPU
		{036AFD4F-2260-447A-BFD0-233AB02D2DBD}.Release|Mixed Platforms.ActiveCfg = Release|Any CPU
		{036AFD4F-2260-447A-BFD0-233AB02D2DBD}.Release|Mixed Platforms.Build.0 = Release|Any CPU
		{036AFD4F-2260-447A-BFD0-233AB02D2DBD}.Release|x64.ActiveCfg = Release|Any CPU
		{036AFD4F-2260-447A-BFD0-233AB02D2DBD}.Release|x86.ActiveCfg = Release|Any CPU
		{61435076-B1D2-4791-BFA5-A89E647F7CA3}.Debug|Any CPU.ActiveCfg = Debug|Any CPU
		{61435076-B1D2-4791-BFA5-A89E647F7CA3}.Debug|Any CPU.Build.0 = Debug|Any CPU
		{61435076-B1D2-4791-BFA5-A89E647F7CA3}.Debug|ARM.ActiveCfg = Debug|Any CPU
		{61435076-B1D2-4791-BFA5-A89E647F7CA3}.Debug|Mixed Platforms.ActiveCfg = Debug|Any CPU
		{61435076-B1D2-4791-BFA5-A89E647F7CA3}.Debug|Mixed Platforms.Build.0 = Debug|Any CPU
		{61435076-B1D2-4791-BFA5-A89E647F7CA3}.Debug|x64.ActiveCfg = Debug|Any CPU
		{61435076-B1D2-4791-BFA5-A89E647F7CA3}.Debug|x86.ActiveCfg = Debug|Any CPU
		{61435076-B1D2-4791-BFA5-A89E647F7CA3}.Release|Any CPU.ActiveCfg = Release|Any CPU
		{61435076-B1D2-4791-BFA5-A89E647F7CA3}.Release|Any CPU.Build.0 = Release|Any CPU
		{61435076-B1D2-4791-BFA5-A89E647F7CA3}.Release|ARM.ActiveCfg = Release|Any CPU
		{61435076-B1D2-4791-BFA5-A89E647F7CA3}.Release|Mixed Platforms.ActiveCfg = Release|Any CPU
		{61435076-B1D2-4791-BFA5-A89E647F7CA3}.Release|Mixed Platforms.Build.0 = Release|Any CPU
		{61435076-B1D2-4791-BFA5-A89E647F7CA3}.Release|x64.ActiveCfg = Release|Any CPU
		{61435076-B1D2-4791-BFA5-A89E647F7CA3}.Release|x86.ActiveCfg = Release|Any CPU
		{4584AB02-CE4F-4B6D-AC20-050661F46164}.Debug|Any CPU.ActiveCfg = Debug|Any CPU
		{4584AB02-CE4F-4B6D-AC20-050661F46164}.Debug|Any CPU.Build.0 = Debug|Any CPU
		{4584AB02-CE4F-4B6D-AC20-050661F46164}.Debug|ARM.ActiveCfg = Debug|Any CPU
		{4584AB02-CE4F-4B6D-AC20-050661F46164}.Debug|ARM.Build.0 = Debug|Any CPU
		{4584AB02-CE4F-4B6D-AC20-050661F46164}.Debug|Mixed Platforms.ActiveCfg = Debug|Any CPU
		{4584AB02-CE4F-4B6D-AC20-050661F46164}.Debug|Mixed Platforms.Build.0 = Debug|Any CPU
		{4584AB02-CE4F-4B6D-AC20-050661F46164}.Debug|x64.ActiveCfg = Debug|Any CPU
		{4584AB02-CE4F-4B6D-AC20-050661F46164}.Debug|x64.Build.0 = Debug|Any CPU
		{4584AB02-CE4F-4B6D-AC20-050661F46164}.Debug|x86.ActiveCfg = Debug|Any CPU
		{4584AB02-CE4F-4B6D-AC20-050661F46164}.Debug|x86.Build.0 = Debug|Any CPU
		{4584AB02-CE4F-4B6D-AC20-050661F46164}.Release|Any CPU.ActiveCfg = Release|Any CPU
		{4584AB02-CE4F-4B6D-AC20-050661F46164}.Release|Any CPU.Build.0 = Release|Any CPU
		{4584AB02-CE4F-4B6D-AC20-050661F46164}.Release|ARM.ActiveCfg = Release|Any CPU
		{4584AB02-CE4F-4B6D-AC20-050661F46164}.Release|ARM.Build.0 = Release|Any CPU
		{4584AB02-CE4F-4B6D-AC20-050661F46164}.Release|Mixed Platforms.ActiveCfg = Release|Any CPU
		{4584AB02-CE4F-4B6D-AC20-050661F46164}.Release|Mixed Platforms.Build.0 = Release|Any CPU
		{4584AB02-CE4F-4B6D-AC20-050661F46164}.Release|x64.ActiveCfg = Release|Any CPU
		{4584AB02-CE4F-4B6D-AC20-050661F46164}.Release|x64.Build.0 = Release|Any CPU
		{4584AB02-CE4F-4B6D-AC20-050661F46164}.Release|x86.ActiveCfg = Release|Any CPU
		{4584AB02-CE4F-4B6D-AC20-050661F46164}.Release|x86.Build.0 = Release|Any CPU
		{39A223EB-EDAD-47A1-98AF-BF3CA6D182A4}.Debug|Any CPU.ActiveCfg = Debug|Any CPU
		{39A223EB-EDAD-47A1-98AF-BF3CA6D182A4}.Debug|Any CPU.Build.0 = Debug|Any CPU
		{39A223EB-EDAD-47A1-98AF-BF3CA6D182A4}.Debug|ARM.ActiveCfg = Debug|Any CPU
		{39A223EB-EDAD-47A1-98AF-BF3CA6D182A4}.Debug|ARM.Build.0 = Debug|Any CPU
		{39A223EB-EDAD-47A1-98AF-BF3CA6D182A4}.Debug|Mixed Platforms.ActiveCfg = Debug|Any CPU
		{39A223EB-EDAD-47A1-98AF-BF3CA6D182A4}.Debug|Mixed Platforms.Build.0 = Debug|Any CPU
		{39A223EB-EDAD-47A1-98AF-BF3CA6D182A4}.Debug|x64.ActiveCfg = Debug|Any CPU
		{39A223EB-EDAD-47A1-98AF-BF3CA6D182A4}.Debug|x64.Build.0 = Debug|Any CPU
		{39A223EB-EDAD-47A1-98AF-BF3CA6D182A4}.Debug|x86.ActiveCfg = Debug|Any CPU
		{39A223EB-EDAD-47A1-98AF-BF3CA6D182A4}.Debug|x86.Build.0 = Debug|Any CPU
		{39A223EB-EDAD-47A1-98AF-BF3CA6D182A4}.Release|Any CPU.ActiveCfg = Release|Any CPU
		{39A223EB-EDAD-47A1-98AF-BF3CA6D182A4}.Release|Any CPU.Build.0 = Release|Any CPU
		{39A223EB-EDAD-47A1-98AF-BF3CA6D182A4}.Release|ARM.ActiveCfg = Release|Any CPU
		{39A223EB-EDAD-47A1-98AF-BF3CA6D182A4}.Release|ARM.Build.0 = Release|Any CPU
		{39A223EB-EDAD-47A1-98AF-BF3CA6D182A4}.Release|Mixed Platforms.ActiveCfg = Release|Any CPU
		{39A223EB-EDAD-47A1-98AF-BF3CA6D182A4}.Release|Mixed Platforms.Build.0 = Release|Any CPU
		{39A223EB-EDAD-47A1-98AF-BF3CA6D182A4}.Release|x64.ActiveCfg = Release|Any CPU
		{39A223EB-EDAD-47A1-98AF-BF3CA6D182A4}.Release|x64.Build.0 = Release|Any CPU
		{39A223EB-EDAD-47A1-98AF-BF3CA6D182A4}.Release|x86.ActiveCfg = Release|Any CPU
		{39A223EB-EDAD-47A1-98AF-BF3CA6D182A4}.Release|x86.Build.0 = Release|Any CPU
		{A4398F05-B03D-4FC0-BE4B-3439F062B254}.Debug|Any CPU.ActiveCfg = Debug|Any CPU
		{A4398F05-B03D-4FC0-BE4B-3439F062B254}.Debug|Any CPU.Build.0 = Debug|Any CPU
		{A4398F05-B03D-4FC0-BE4B-3439F062B254}.Debug|ARM.ActiveCfg = Debug|Any CPU
		{A4398F05-B03D-4FC0-BE4B-3439F062B254}.Debug|ARM.Build.0 = Debug|Any CPU
		{A4398F05-B03D-4FC0-BE4B-3439F062B254}.Debug|Mixed Platforms.ActiveCfg = Debug|Any CPU
		{A4398F05-B03D-4FC0-BE4B-3439F062B254}.Debug|Mixed Platforms.Build.0 = Debug|Any CPU
		{A4398F05-B03D-4FC0-BE4B-3439F062B254}.Debug|x64.ActiveCfg = Debug|Any CPU
		{A4398F05-B03D-4FC0-BE4B-3439F062B254}.Debug|x64.Build.0 = Debug|Any CPU
		{A4398F05-B03D-4FC0-BE4B-3439F062B254}.Debug|x86.ActiveCfg = Debug|Any CPU
		{A4398F05-B03D-4FC0-BE4B-3439F062B254}.Debug|x86.Build.0 = Debug|Any CPU
		{A4398F05-B03D-4FC0-BE4B-3439F062B254}.Release|Any CPU.ActiveCfg = Release|Any CPU
		{A4398F05-B03D-4FC0-BE4B-3439F062B254}.Release|Any CPU.Build.0 = Release|Any CPU
		{A4398F05-B03D-4FC0-BE4B-3439F062B254}.Release|ARM.ActiveCfg = Release|Any CPU
		{A4398F05-B03D-4FC0-BE4B-3439F062B254}.Release|ARM.Build.0 = Release|Any CPU
		{A4398F05-B03D-4FC0-BE4B-3439F062B254}.Release|Mixed Platforms.ActiveCfg = Release|Any CPU
		{A4398F05-B03D-4FC0-BE4B-3439F062B254}.Release|Mixed Platforms.Build.0 = Release|Any CPU
		{A4398F05-B03D-4FC0-BE4B-3439F062B254}.Release|x64.ActiveCfg = Release|Any CPU
		{A4398F05-B03D-4FC0-BE4B-3439F062B254}.Release|x64.Build.0 = Release|Any CPU
		{A4398F05-B03D-4FC0-BE4B-3439F062B254}.Release|x86.ActiveCfg = Release|Any CPU
		{A4398F05-B03D-4FC0-BE4B-3439F062B254}.Release|x86.Build.0 = Release|Any CPU
		{3D6AEC3B-210C-4C08-B62D-78E89DFAD2D6}.Debug|Any CPU.ActiveCfg = Debug|Any CPU
		{3D6AEC3B-210C-4C08-B62D-78E89DFAD2D6}.Debug|Any CPU.Build.0 = Debug|Any CPU
		{3D6AEC3B-210C-4C08-B62D-78E89DFAD2D6}.Debug|ARM.ActiveCfg = Debug|Any CPU
		{3D6AEC3B-210C-4C08-B62D-78E89DFAD2D6}.Debug|ARM.Build.0 = Debug|Any CPU
		{3D6AEC3B-210C-4C08-B62D-78E89DFAD2D6}.Debug|Mixed Platforms.ActiveCfg = Debug|Any CPU
		{3D6AEC3B-210C-4C08-B62D-78E89DFAD2D6}.Debug|Mixed Platforms.Build.0 = Debug|Any CPU
		{3D6AEC3B-210C-4C08-B62D-78E89DFAD2D6}.Debug|x64.ActiveCfg = Debug|Any CPU
		{3D6AEC3B-210C-4C08-B62D-78E89DFAD2D6}.Debug|x64.Build.0 = Debug|Any CPU
		{3D6AEC3B-210C-4C08-B62D-78E89DFAD2D6}.Debug|x86.ActiveCfg = Debug|Any CPU
		{3D6AEC3B-210C-4C08-B62D-78E89DFAD2D6}.Debug|x86.Build.0 = Debug|Any CPU
		{3D6AEC3B-210C-4C08-B62D-78E89DFAD2D6}.Release|Any CPU.ActiveCfg = Release|Any CPU
		{3D6AEC3B-210C-4C08-B62D-78E89DFAD2D6}.Release|Any CPU.Build.0 = Release|Any CPU
		{3D6AEC3B-210C-4C08-B62D-78E89DFAD2D6}.Release|ARM.ActiveCfg = Release|Any CPU
		{3D6AEC3B-210C-4C08-B62D-78E89DFAD2D6}.Release|ARM.Build.0 = Release|Any CPU
		{3D6AEC3B-210C-4C08-B62D-78E89DFAD2D6}.Release|Mixed Platforms.ActiveCfg = Release|Any CPU
		{3D6AEC3B-210C-4C08-B62D-78E89DFAD2D6}.Release|Mixed Platforms.Build.0 = Release|Any CPU
		{3D6AEC3B-210C-4C08-B62D-78E89DFAD2D6}.Release|x64.ActiveCfg = Release|Any CPU
		{3D6AEC3B-210C-4C08-B62D-78E89DFAD2D6}.Release|x64.Build.0 = Release|Any CPU
		{3D6AEC3B-210C-4C08-B62D-78E89DFAD2D6}.Release|x86.ActiveCfg = Release|Any CPU
		{3D6AEC3B-210C-4C08-B62D-78E89DFAD2D6}.Release|x86.Build.0 = Release|Any CPU
		{5BF2C025-CCB3-4EF4-AC60-3892F3106810}.Debug|Any CPU.ActiveCfg = Debug|Any CPU
		{5BF2C025-CCB3-4EF4-AC60-3892F3106810}.Debug|Any CPU.Build.0 = Debug|Any CPU
		{5BF2C025-CCB3-4EF4-AC60-3892F3106810}.Debug|ARM.ActiveCfg = Debug|Any CPU
		{5BF2C025-CCB3-4EF4-AC60-3892F3106810}.Debug|ARM.Build.0 = Debug|Any CPU
		{5BF2C025-CCB3-4EF4-AC60-3892F3106810}.Debug|Mixed Platforms.ActiveCfg = Debug|Any CPU
		{5BF2C025-CCB3-4EF4-AC60-3892F3106810}.Debug|Mixed Platforms.Build.0 = Debug|Any CPU
		{5BF2C025-CCB3-4EF4-AC60-3892F3106810}.Debug|x64.ActiveCfg = Debug|Any CPU
		{5BF2C025-CCB3-4EF4-AC60-3892F3106810}.Debug|x64.Build.0 = Debug|Any CPU
		{5BF2C025-CCB3-4EF4-AC60-3892F3106810}.Debug|x86.ActiveCfg = Debug|Any CPU
		{5BF2C025-CCB3-4EF4-AC60-3892F3106810}.Debug|x86.Build.0 = Debug|Any CPU
		{5BF2C025-CCB3-4EF4-AC60-3892F3106810}.Release|Any CPU.ActiveCfg = Release|Any CPU
		{5BF2C025-CCB3-4EF4-AC60-3892F3106810}.Release|Any CPU.Build.0 = Release|Any CPU
		{5BF2C025-CCB3-4EF4-AC60-3892F3106810}.Release|ARM.ActiveCfg = Release|Any CPU
		{5BF2C025-CCB3-4EF4-AC60-3892F3106810}.Release|ARM.Build.0 = Release|Any CPU
		{5BF2C025-CCB3-4EF4-AC60-3892F3106810}.Release|Mixed Platforms.ActiveCfg = Release|Any CPU
		{5BF2C025-CCB3-4EF4-AC60-3892F3106810}.Release|Mixed Platforms.Build.0 = Release|Any CPU
		{5BF2C025-CCB3-4EF4-AC60-3892F3106810}.Release|x64.ActiveCfg = Release|Any CPU
		{5BF2C025-CCB3-4EF4-AC60-3892F3106810}.Release|x64.Build.0 = Release|Any CPU
		{5BF2C025-CCB3-4EF4-AC60-3892F3106810}.Release|x86.ActiveCfg = Release|Any CPU
		{5BF2C025-CCB3-4EF4-AC60-3892F3106810}.Release|x86.Build.0 = Release|Any CPU
		{1D5BF38F-5854-47A7-A91A-530D329F18EE}.Debug|Any CPU.ActiveCfg = Debug|Any CPU
		{1D5BF38F-5854-47A7-A91A-530D329F18EE}.Debug|Any CPU.Build.0 = Debug|Any CPU
		{1D5BF38F-5854-47A7-A91A-530D329F18EE}.Debug|ARM.ActiveCfg = Debug|Any CPU
		{1D5BF38F-5854-47A7-A91A-530D329F18EE}.Debug|ARM.Build.0 = Debug|Any CPU
		{1D5BF38F-5854-47A7-A91A-530D329F18EE}.Debug|Mixed Platforms.ActiveCfg = Debug|Any CPU
		{1D5BF38F-5854-47A7-A91A-530D329F18EE}.Debug|Mixed Platforms.Build.0 = Debug|Any CPU
		{1D5BF38F-5854-47A7-A91A-530D329F18EE}.Debug|x64.ActiveCfg = Debug|Any CPU
		{1D5BF38F-5854-47A7-A91A-530D329F18EE}.Debug|x64.Build.0 = Debug|Any CPU
		{1D5BF38F-5854-47A7-A91A-530D329F18EE}.Debug|x86.ActiveCfg = Debug|Any CPU
		{1D5BF38F-5854-47A7-A91A-530D329F18EE}.Debug|x86.Build.0 = Debug|Any CPU
		{1D5BF38F-5854-47A7-A91A-530D329F18EE}.Release|Any CPU.ActiveCfg = Release|Any CPU
		{1D5BF38F-5854-47A7-A91A-530D329F18EE}.Release|Any CPU.Build.0 = Release|Any CPU
		{1D5BF38F-5854-47A7-A91A-530D329F18EE}.Release|ARM.ActiveCfg = Release|Any CPU
		{1D5BF38F-5854-47A7-A91A-530D329F18EE}.Release|ARM.Build.0 = Release|Any CPU
		{1D5BF38F-5854-47A7-A91A-530D329F18EE}.Release|Mixed Platforms.ActiveCfg = Release|Any CPU
		{1D5BF38F-5854-47A7-A91A-530D329F18EE}.Release|Mixed Platforms.Build.0 = Release|Any CPU
		{1D5BF38F-5854-47A7-A91A-530D329F18EE}.Release|x64.ActiveCfg = Release|Any CPU
		{1D5BF38F-5854-47A7-A91A-530D329F18EE}.Release|x64.Build.0 = Release|Any CPU
		{1D5BF38F-5854-47A7-A91A-530D329F18EE}.Release|x86.ActiveCfg = Release|Any CPU
		{1D5BF38F-5854-47A7-A91A-530D329F18EE}.Release|x86.Build.0 = Release|Any CPU
		{B4340914-CCF1-4FB0-B40A-F7358075D0BE}.Debug|Any CPU.ActiveCfg = Debug|Any CPU
		{B4340914-CCF1-4FB0-B40A-F7358075D0BE}.Debug|Any CPU.Build.0 = Debug|Any CPU
		{B4340914-CCF1-4FB0-B40A-F7358075D0BE}.Debug|ARM.ActiveCfg = Debug|Any CPU
		{B4340914-CCF1-4FB0-B40A-F7358075D0BE}.Debug|ARM.Build.0 = Debug|Any CPU
		{B4340914-CCF1-4FB0-B40A-F7358075D0BE}.Debug|Mixed Platforms.ActiveCfg = Debug|Any CPU
		{B4340914-CCF1-4FB0-B40A-F7358075D0BE}.Debug|Mixed Platforms.Build.0 = Debug|Any CPU
		{B4340914-CCF1-4FB0-B40A-F7358075D0BE}.Debug|x64.ActiveCfg = Debug|Any CPU
		{B4340914-CCF1-4FB0-B40A-F7358075D0BE}.Debug|x64.Build.0 = Debug|Any CPU
		{B4340914-CCF1-4FB0-B40A-F7358075D0BE}.Debug|x86.ActiveCfg = Debug|Any CPU
		{B4340914-CCF1-4FB0-B40A-F7358075D0BE}.Debug|x86.Build.0 = Debug|Any CPU
		{B4340914-CCF1-4FB0-B40A-F7358075D0BE}.Release|Any CPU.ActiveCfg = Release|Any CPU
		{B4340914-CCF1-4FB0-B40A-F7358075D0BE}.Release|Any CPU.Build.0 = Release|Any CPU
		{B4340914-CCF1-4FB0-B40A-F7358075D0BE}.Release|ARM.ActiveCfg = Release|Any CPU
		{B4340914-CCF1-4FB0-B40A-F7358075D0BE}.Release|ARM.Build.0 = Release|Any CPU
		{B4340914-CCF1-4FB0-B40A-F7358075D0BE}.Release|Mixed Platforms.ActiveCfg = Release|Any CPU
		{B4340914-CCF1-4FB0-B40A-F7358075D0BE}.Release|Mixed Platforms.Build.0 = Release|Any CPU
		{B4340914-CCF1-4FB0-B40A-F7358075D0BE}.Release|x64.ActiveCfg = Release|Any CPU
		{B4340914-CCF1-4FB0-B40A-F7358075D0BE}.Release|x64.Build.0 = Release|Any CPU
		{B4340914-CCF1-4FB0-B40A-F7358075D0BE}.Release|x86.ActiveCfg = Release|Any CPU
		{B4340914-CCF1-4FB0-B40A-F7358075D0BE}.Release|x86.Build.0 = Release|Any CPU
		{F60C8961-5B5D-4DAC-82A5-05098841B9AE}.Debug|Any CPU.ActiveCfg = Debug|Any CPU
		{F60C8961-5B5D-4DAC-82A5-05098841B9AE}.Debug|Any CPU.Build.0 = Debug|Any CPU
		{F60C8961-5B5D-4DAC-82A5-05098841B9AE}.Debug|ARM.ActiveCfg = Debug|Any CPU
		{F60C8961-5B5D-4DAC-82A5-05098841B9AE}.Debug|ARM.Build.0 = Debug|Any CPU
		{F60C8961-5B5D-4DAC-82A5-05098841B9AE}.Debug|Mixed Platforms.ActiveCfg = Debug|Any CPU
		{F60C8961-5B5D-4DAC-82A5-05098841B9AE}.Debug|Mixed Platforms.Build.0 = Debug|Any CPU
		{F60C8961-5B5D-4DAC-82A5-05098841B9AE}.Debug|x64.ActiveCfg = Debug|Any CPU
		{F60C8961-5B5D-4DAC-82A5-05098841B9AE}.Debug|x64.Build.0 = Debug|Any CPU
		{F60C8961-5B5D-4DAC-82A5-05098841B9AE}.Debug|x86.ActiveCfg = Debug|Any CPU
		{F60C8961-5B5D-4DAC-82A5-05098841B9AE}.Debug|x86.Build.0 = Debug|Any CPU
		{F60C8961-5B5D-4DAC-82A5-05098841B9AE}.Release|Any CPU.ActiveCfg = Release|Any CPU
		{F60C8961-5B5D-4DAC-82A5-05098841B9AE}.Release|Any CPU.Build.0 = Release|Any CPU
		{F60C8961-5B5D-4DAC-82A5-05098841B9AE}.Release|ARM.ActiveCfg = Release|Any CPU
		{F60C8961-5B5D-4DAC-82A5-05098841B9AE}.Release|ARM.Build.0 = Release|Any CPU
		{F60C8961-5B5D-4DAC-82A5-05098841B9AE}.Release|Mixed Platforms.ActiveCfg = Release|Any CPU
		{F60C8961-5B5D-4DAC-82A5-05098841B9AE}.Release|Mixed Platforms.Build.0 = Release|Any CPU
		{F60C8961-5B5D-4DAC-82A5-05098841B9AE}.Release|x64.ActiveCfg = Release|Any CPU
		{F60C8961-5B5D-4DAC-82A5-05098841B9AE}.Release|x64.Build.0 = Release|Any CPU
		{F60C8961-5B5D-4DAC-82A5-05098841B9AE}.Release|x86.ActiveCfg = Release|Any CPU
		{F60C8961-5B5D-4DAC-82A5-05098841B9AE}.Release|x86.Build.0 = Release|Any CPU
		{F7E0FF10-997E-43BB-8186-46DED4CE92D8}.Debug|Any CPU.ActiveCfg = Debug|Any CPU
		{F7E0FF10-997E-43BB-8186-46DED4CE92D8}.Debug|Any CPU.Build.0 = Debug|Any CPU
		{F7E0FF10-997E-43BB-8186-46DED4CE92D8}.Debug|ARM.ActiveCfg = Debug|Any CPU
		{F7E0FF10-997E-43BB-8186-46DED4CE92D8}.Debug|ARM.Build.0 = Debug|Any CPU
		{F7E0FF10-997E-43BB-8186-46DED4CE92D8}.Debug|Mixed Platforms.ActiveCfg = Debug|Any CPU
		{F7E0FF10-997E-43BB-8186-46DED4CE92D8}.Debug|Mixed Platforms.Build.0 = Debug|Any CPU
		{F7E0FF10-997E-43BB-8186-46DED4CE92D8}.Debug|x64.ActiveCfg = Debug|Any CPU
		{F7E0FF10-997E-43BB-8186-46DED4CE92D8}.Debug|x64.Build.0 = Debug|Any CPU
		{F7E0FF10-997E-43BB-8186-46DED4CE92D8}.Debug|x86.ActiveCfg = Debug|Any CPU
		{F7E0FF10-997E-43BB-8186-46DED4CE92D8}.Debug|x86.Build.0 = Debug|Any CPU
		{F7E0FF10-997E-43BB-8186-46DED4CE92D8}.Release|Any CPU.ActiveCfg = Release|Any CPU
		{F7E0FF10-997E-43BB-8186-46DED4CE92D8}.Release|Any CPU.Build.0 = Release|Any CPU
		{F7E0FF10-997E-43BB-8186-46DED4CE92D8}.Release|ARM.ActiveCfg = Release|Any CPU
		{F7E0FF10-997E-43BB-8186-46DED4CE92D8}.Release|ARM.Build.0 = Release|Any CPU
		{F7E0FF10-997E-43BB-8186-46DED4CE92D8}.Release|Mixed Platforms.ActiveCfg = Release|Any CPU
		{F7E0FF10-997E-43BB-8186-46DED4CE92D8}.Release|Mixed Platforms.Build.0 = Release|Any CPU
		{F7E0FF10-997E-43BB-8186-46DED4CE92D8}.Release|x64.ActiveCfg = Release|Any CPU
		{F7E0FF10-997E-43BB-8186-46DED4CE92D8}.Release|x64.Build.0 = Release|Any CPU
		{F7E0FF10-997E-43BB-8186-46DED4CE92D8}.Release|x86.ActiveCfg = Release|Any CPU
		{F7E0FF10-997E-43BB-8186-46DED4CE92D8}.Release|x86.Build.0 = Release|Any CPU
		{E62F1852-DC33-492C-AFFF-631D891EEA46}.Debug|Any CPU.ActiveCfg = Debug|Any CPU
		{E62F1852-DC33-492C-AFFF-631D891EEA46}.Debug|Any CPU.Build.0 = Debug|Any CPU
		{E62F1852-DC33-492C-AFFF-631D891EEA46}.Debug|ARM.ActiveCfg = Debug|Any CPU
		{E62F1852-DC33-492C-AFFF-631D891EEA46}.Debug|ARM.Build.0 = Debug|Any CPU
		{E62F1852-DC33-492C-AFFF-631D891EEA46}.Debug|Mixed Platforms.ActiveCfg = Debug|Any CPU
		{E62F1852-DC33-492C-AFFF-631D891EEA46}.Debug|Mixed Platforms.Build.0 = Debug|Any CPU
		{E62F1852-DC33-492C-AFFF-631D891EEA46}.Debug|x64.ActiveCfg = Debug|Any CPU
		{E62F1852-DC33-492C-AFFF-631D891EEA46}.Debug|x64.Build.0 = Debug|Any CPU
		{E62F1852-DC33-492C-AFFF-631D891EEA46}.Debug|x86.ActiveCfg = Debug|Any CPU
		{E62F1852-DC33-492C-AFFF-631D891EEA46}.Debug|x86.Build.0 = Debug|Any CPU
		{E62F1852-DC33-492C-AFFF-631D891EEA46}.Release|Any CPU.ActiveCfg = Release|Any CPU
		{E62F1852-DC33-492C-AFFF-631D891EEA46}.Release|Any CPU.Build.0 = Release|Any CPU
		{E62F1852-DC33-492C-AFFF-631D891EEA46}.Release|ARM.ActiveCfg = Release|Any CPU
		{E62F1852-DC33-492C-AFFF-631D891EEA46}.Release|ARM.Build.0 = Release|Any CPU
		{E62F1852-DC33-492C-AFFF-631D891EEA46}.Release|Mixed Platforms.ActiveCfg = Release|Any CPU
		{E62F1852-DC33-492C-AFFF-631D891EEA46}.Release|Mixed Platforms.Build.0 = Release|Any CPU
		{E62F1852-DC33-492C-AFFF-631D891EEA46}.Release|x64.ActiveCfg = Release|Any CPU
		{E62F1852-DC33-492C-AFFF-631D891EEA46}.Release|x64.Build.0 = Release|Any CPU
		{E62F1852-DC33-492C-AFFF-631D891EEA46}.Release|x86.ActiveCfg = Release|Any CPU
		{E62F1852-DC33-492C-AFFF-631D891EEA46}.Release|x86.Build.0 = Release|Any CPU
		{D5000DFC-8255-4B8E-8797-530624AB61BF}.Debug|Any CPU.ActiveCfg = Debug|Any CPU
		{D5000DFC-8255-4B8E-8797-530624AB61BF}.Debug|Any CPU.Build.0 = Debug|Any CPU
		{D5000DFC-8255-4B8E-8797-530624AB61BF}.Debug|ARM.ActiveCfg = Debug|Any CPU
		{D5000DFC-8255-4B8E-8797-530624AB61BF}.Debug|ARM.Build.0 = Debug|Any CPU
		{D5000DFC-8255-4B8E-8797-530624AB61BF}.Debug|Mixed Platforms.ActiveCfg = Debug|Any CPU
		{D5000DFC-8255-4B8E-8797-530624AB61BF}.Debug|Mixed Platforms.Build.0 = Debug|Any CPU
		{D5000DFC-8255-4B8E-8797-530624AB61BF}.Debug|x64.ActiveCfg = Debug|Any CPU
		{D5000DFC-8255-4B8E-8797-530624AB61BF}.Debug|x64.Build.0 = Debug|Any CPU
		{D5000DFC-8255-4B8E-8797-530624AB61BF}.Debug|x86.ActiveCfg = Debug|Any CPU
		{D5000DFC-8255-4B8E-8797-530624AB61BF}.Debug|x86.Build.0 = Debug|Any CPU
		{D5000DFC-8255-4B8E-8797-530624AB61BF}.Release|Any CPU.ActiveCfg = Release|Any CPU
		{D5000DFC-8255-4B8E-8797-530624AB61BF}.Release|Any CPU.Build.0 = Release|Any CPU
		{D5000DFC-8255-4B8E-8797-530624AB61BF}.Release|ARM.ActiveCfg = Release|Any CPU
		{D5000DFC-8255-4B8E-8797-530624AB61BF}.Release|ARM.Build.0 = Release|Any CPU
		{D5000DFC-8255-4B8E-8797-530624AB61BF}.Release|Mixed Platforms.ActiveCfg = Release|Any CPU
		{D5000DFC-8255-4B8E-8797-530624AB61BF}.Release|Mixed Platforms.Build.0 = Release|Any CPU
		{D5000DFC-8255-4B8E-8797-530624AB61BF}.Release|x64.ActiveCfg = Release|Any CPU
		{D5000DFC-8255-4B8E-8797-530624AB61BF}.Release|x64.Build.0 = Release|Any CPU
		{D5000DFC-8255-4B8E-8797-530624AB61BF}.Release|x86.ActiveCfg = Release|Any CPU
		{D5000DFC-8255-4B8E-8797-530624AB61BF}.Release|x86.Build.0 = Release|Any CPU
		{9BFBAF01-66EA-4A85-B509-AF2F8879FC8C}.Debug|Any CPU.ActiveCfg = Debug|Any CPU
		{9BFBAF01-66EA-4A85-B509-AF2F8879FC8C}.Debug|Any CPU.Build.0 = Debug|Any CPU
		{9BFBAF01-66EA-4A85-B509-AF2F8879FC8C}.Debug|ARM.ActiveCfg = Debug|Any CPU
		{9BFBAF01-66EA-4A85-B509-AF2F8879FC8C}.Debug|ARM.Build.0 = Debug|Any CPU
		{9BFBAF01-66EA-4A85-B509-AF2F8879FC8C}.Debug|Mixed Platforms.ActiveCfg = Debug|Any CPU
		{9BFBAF01-66EA-4A85-B509-AF2F8879FC8C}.Debug|Mixed Platforms.Build.0 = Debug|Any CPU
		{9BFBAF01-66EA-4A85-B509-AF2F8879FC8C}.Debug|x64.ActiveCfg = Debug|Any CPU
		{9BFBAF01-66EA-4A85-B509-AF2F8879FC8C}.Debug|x64.Build.0 = Debug|Any CPU
		{9BFBAF01-66EA-4A85-B509-AF2F8879FC8C}.Debug|x86.ActiveCfg = Debug|Any CPU
		{9BFBAF01-66EA-4A85-B509-AF2F8879FC8C}.Debug|x86.Build.0 = Debug|Any CPU
		{9BFBAF01-66EA-4A85-B509-AF2F8879FC8C}.Release|Any CPU.ActiveCfg = Release|Any CPU
		{9BFBAF01-66EA-4A85-B509-AF2F8879FC8C}.Release|Any CPU.Build.0 = Release|Any CPU
		{9BFBAF01-66EA-4A85-B509-AF2F8879FC8C}.Release|ARM.ActiveCfg = Release|Any CPU
		{9BFBAF01-66EA-4A85-B509-AF2F8879FC8C}.Release|ARM.Build.0 = Release|Any CPU
		{9BFBAF01-66EA-4A85-B509-AF2F8879FC8C}.Release|Mixed Platforms.ActiveCfg = Release|Any CPU
		{9BFBAF01-66EA-4A85-B509-AF2F8879FC8C}.Release|Mixed Platforms.Build.0 = Release|Any CPU
		{9BFBAF01-66EA-4A85-B509-AF2F8879FC8C}.Release|x64.ActiveCfg = Release|Any CPU
		{9BFBAF01-66EA-4A85-B509-AF2F8879FC8C}.Release|x64.Build.0 = Release|Any CPU
		{9BFBAF01-66EA-4A85-B509-AF2F8879FC8C}.Release|x86.ActiveCfg = Release|Any CPU
		{9BFBAF01-66EA-4A85-B509-AF2F8879FC8C}.Release|x86.Build.0 = Release|Any CPU
	EndGlobalSection
	GlobalSection(SolutionProperties) = preSolution
		HideSolutionNode = FALSE
	EndGlobalSection
	GlobalSection(NestedProjects) = preSolution
		{D9FC2755-6C2B-498D-BC8E-8C5632C3578E} = {4138CC9D-07C2-441A-9B38-421BDDFD4A23}
		{A5AE2D34-327B-4015-8E48-E69D5B9BA989} = {4138CC9D-07C2-441A-9B38-421BDDFD4A23}
		{579CB519-C3F6-45E6-9210-DBF8905A8B4B} = {4138CC9D-07C2-441A-9B38-421BDDFD4A23}
		{A37FFE2C-78A6-466E-86FF-DD36D7BD4BE3} = {4138CC9D-07C2-441A-9B38-421BDDFD4A23}
		{0D76930E-BD12-476A-9ACB-8A5A11BE7C29} = {4138CC9D-07C2-441A-9B38-421BDDFD4A23}
		{91859659-64A5-4AE6-8095-853D030CF774} = {4138CC9D-07C2-441A-9B38-421BDDFD4A23}
		{8F9CE91C-9D01-49BA-B75D-45CAFB952298} = {4138CC9D-07C2-441A-9B38-421BDDFD4A23}
		{CBA19423-4C8A-423C-B844-D9E4069A00B5} = {4138CC9D-07C2-441A-9B38-421BDDFD4A23}
		{6082041B-5BC4-4656-B58D-7B872FBEF549} = {4138CC9D-07C2-441A-9B38-421BDDFD4A23}
		{61435076-B1D2-4791-BFA5-A89E647F7CA3} = {4138CC9D-07C2-441A-9B38-421BDDFD4A23}
		{39A223EB-EDAD-47A1-98AF-BF3CA6D182A4} = {4138CC9D-07C2-441A-9B38-421BDDFD4A23}
		{5BF2C025-CCB3-4EF4-AC60-3892F3106810} = {4138CC9D-07C2-441A-9B38-421BDDFD4A23}
		{1D5BF38F-5854-47A7-A91A-530D329F18EE} = {4138CC9D-07C2-441A-9B38-421BDDFD4A23}
		{E62F1852-DC33-492C-AFFF-631D891EEA46} = {4138CC9D-07C2-441A-9B38-421BDDFD4A23}
		{D5000DFC-8255-4B8E-8797-530624AB61BF} = {4138CC9D-07C2-441A-9B38-421BDDFD4A23}
	EndGlobalSection
	GlobalSection(ExtensibilityGlobals) = postSolution
		SolutionGuid = {B62CAB95-37A2-4C2A-870A-1A3880DBE9ED}
	EndGlobalSection
EndGlobal
